version: 1
checksums:
  29ba5363b2b0f1cc53dd4a667d52f86e:
    md-section-0: 74d23cef8feff75897de44f7eff6412e
    md-section-1: 7b17d3f66e31f6e1b7f0feb3d79a6995
    md-section-2: 4744eba45bcc26f00846941c85d302f5
    md-section-3: cf8a21e4c83c137124f41aa2a86a6079
    md-section-4: 1088729bde57ae98374b4fa16ee92605
    md-section-5: b83e3255bc0c7fa0fa52f3b65ee4c8cb
    md-section-6: e967980853f9580fae73b95a316dced1
    md-section-7: bcd5b9cd97ec4d8f431cb19181c7bf4e
    md-section-8: dcc90be77da35ad96b4479c2f4a4beb8
    md-section-9: e2c36c043b1acc8c382997262556b3bd
    md-section-10: aaf4b818e4688ea2a81c1ee80ea49994
    md-section-11: abe59bab6da32419b929894bb2e99f98
    md-section-12: f00b2e5e12c4b3178a998ed45c45b37e
    md-section-13: 16dc6f097847c87f7f493f912e7a82b4
    md-section-14: ed77f1a413eb92014688023bfa51614d
    md-section-15: 0a873d080002542904e2d2a84610079a
    md-section-16: ecdc9b65199a1d338faca71d4c13d1d3
    md-section-17: 71c7a3a00798a2dcb592c7aa16722679
    md-section-18: d4022a74a009154bd32115b0d8583553
