version: 1
checksums:
  29ba5363b2b0f1cc53dd4a667d52f86e:
    md-section-0: c710c4c231c13188a2d47fc73551f0cb
    md-section-1: 3620411d5d5269697098a2f48fd2300c
    md-section-2: eb15721f4377325b8a64dea0f17a72f0
    md-section-3: cf8a21e4c83c137124f41aa2a86a6079
    md-section-4: 894e1ef13294725c03168d9f805fab8c
    md-section-5: bd84bf8a5e87bff887a84135b7bafa90
    md-section-6: 70a57e8c1442871a6b0d3fd2d820ff89
    md-section-7: 7d3d675756bbddc8ee496dce08022027
    md-section-8: dcc90be77da35ad96b4479c2f4a4beb8
    md-section-9: e2c36c043b1acc8c382997262556b3bd
    md-section-10: b9e3ff36c6e347b874d27ae61a7bdd06
    md-section-11: abe59bab6da32419b929894bb2e99f98
    md-section-12: 4b3ff0e6be9e9225bb7dfb58e054701d
    md-section-13: 16dc6f097847c87f7f493f912e7a82b4
    md-section-14: 7560facd928170fd231dd29e9c76bcc5
    md-section-15: f8c2f53155acc08b4ced42864d396221
    md-section-16: 7c9c6688ae92d19b3cfc9e88defec487
