version: 1
checksums:
  29ba5363b2b0f1cc53dd4a667d52f86e:
    md-section-0: 74d23cef8feff75897de44f7eff6412e
    md-section-1: 3620411d5d5269697098a2f48fd2300c
    md-section-2: 4744eba45bcc26f00846941c85d302f5
    md-section-3: cf8a21e4c83c137124f41aa2a86a6079
    md-section-4: 1088729bde57ae98374b4fa16ee92605
    md-section-5: cd0fd778fc49b039cc0bc2f5da06dfa5
    md-section-6: 70a57e8c1442871a6b0d3fd2d820ff89
    md-section-7: 7d3d675756bbddc8ee496dce08022027
    md-section-8: dcc90be77da35ad96b4479c2f4a4beb8
    md-section-9: e2c36c043b1acc8c382997262556b3bd
    md-section-10: aaf4b818e4688ea2a81c1ee80ea49994
    md-section-11: abe59bab6da32419b929894bb2e99f98
    md-section-12: f00b2e5e12c4b3178a998ed45c45b37e
    md-section-13: 16dc6f097847c87f7f493f912e7a82b4
    md-section-14: e923e45f8f2ab0e610caf0f67279b15c
    md-section-15: f8c2f53155acc08b4ced42864d396221
    md-section-16: 8c5282c14d6f2e8c03abc03a903619fd
