version: 1
checksums:
  a07974ea09011daa56f9df706530e442:
    home: f8692d39317193acf0e2e47172703c46
  493f4c77f9dbac6f93a3ba572af67cc1:
    hello-world: 1d89f5ccf329aaa9cdb98a3953103bbf
    items.count/my: 88c7cd5cfeb37f3bb66eccb281549284
  6968123bc175d46fbb373afa36c4b6f0:
    home: f8692d39317193acf0e2e47172703c46
  ce1b39c0cb52063700692f8db27e0384:
    home: f8692d39317193acf0e2e47172703c46
  84088c124b76078e0f1028381a62b8ae:
    "0": 422dea6b30191da1a07a382ccfda6163
    "1": 372ec0199716e591bd98299370fd71eb
    "2": 9a6a997028d435b409276df03fead308
    "3": 85756a8f484c1bd3300e32a1a5bb2611
    "4": 9bed7d7e9bf8f545a0527313e259d30a
    "5": cf3d1349b05a65e22e4ab3b683bc84ac
    "6": bb54ff25651cd8a646786e79c3bc658e
    "7": 373538b30904dee4f04564b5ef5d88f7
    "8": 24554d20550d8f04c35b6f6820d9ff18
    "9": 6961c13fcde05043d681f0329854f1eb
    "10": a1133af61f8e2b76f346ef4b2f60b775
