version: 1
checksums:
  a07974ea09011daa56f9df706530e442:
    home: f8692d39317193acf0e2e47172703c46
  493f4c77f9dbac6f93a3ba572af67cc1:
    hello-world: 1d89f5ccf329aaa9cdb98a3953103bbf
    items.count/my: 88c7cd5cfeb37f3bb66eccb281549284
  d478360df03dacb662c2c417f2220c7b:
    app_name: c215a8d46c95f00089c5ea0d17eef742
    hello_world: 0468579ef2fbc83c9d520c2f2f1c5059
    login_button: f4f219abeb5a465ecb1c7efaf50246de
    welcome_message: 9c078e396ce689c9cbea9dc5c5f92228
    formatted_string: a53dd1e5e1c98fa10e40b175e91ce65d
    one_song: 9bb74d4fa80ad5a504fca298a88b3a25
    few_songs: 39f619cbec3055e2282b9a66920c520a
    many_songs: 5b434988b01400ad04f1a0d7c4835d04
    html_formatted_string: 6658bf6c433cac31ee225c1fb5e2dc54
    colors: d7a8cde36147d2c4caf8d7934557bb92
    numberOfSongsAvailable: 9784e2cf5042f1e8984057779d33e6d1
  6968123bc175d46fbb373afa36c4b6f0:
    home: f8692d39317193acf0e2e47172703c46
  ce1b39c0cb52063700692f8db27e0384:
    home: f8692d39317193acf0e2e47172703c46
  84088c124b76078e0f1028381a62b8ae:
    "0": 422dea6b30191da1a07a382ccfda6163
    "1": 372ec0199716e591bd98299370fd71eb
    "2": 9a6a997028d435b409276df03fead308
    "3": 85756a8f484c1bd3300e32a1a5bb2611
    "4": 9bed7d7e9bf8f545a0527313e259d30a
    "5": cf3d1349b05a65e22e4ab3b683bc84ac
    "6": bb54ff25651cd8a646786e79c3bc658e
    "7": 373538b30904dee4f04564b5ef5d88f7
    "8": 24554d20550d8f04c35b6f6820d9ff18
    "9": 6961c13fcde05043d681f0329854f1eb
    "10": a1133af61f8e2b76f346ef4b2f60b775
