version: 1
checksums:
  375aef6881d5301adf8d576799de2210:
    md-section-0: 5782ae0d6116076ca9ecdd18d05b5251
    fm-attr-title: 03ddeab99b6170d63191217de2e2c0f3
    fm-attr-file-name: 950367b45201943794aebfbdef8c8b05
    fm-attr-slug: 9532f11ad94e91f96c3f92a18dc63d81
    fm-attr-simple-relative-path: 5bea1a157e040ef84d5d82d4ca4b0d77
    fm-attr-dot-relative-path: 19c7a5a88779d53acf2a175a94a437d4
    fm-attr-absolute-path: 891c4483926b0c7c17d46b81d9669b5b
    fm-attr-url-path: 6ce05f3f676ae92a010ce414a57063a7
    fm-attr-protocol-relative-url: d7b2605035ba429cb589702c6ba944e6
    fm-attr-non-http-url: d21551cdd43e7fe90eefc041dffcf957
  0d1abbacc6d742097863ba4d910983a2:
    home/title%2Fmain: ef1fb56b8dafd605fb267df2b0a8a91f
    home/description%2Fdev: b866f4d6b135451633de827fc20f4fdb
    home/i-am-a-developer: d8feacce28faea3fd4228a1ebcb11473
  b05b783b3d24ee943d83ccd8e274814d:
    home/title%2Fmain: ef1fb56b8dafd605fb267df2b0a8a91f
    home/description%2Fdev: b866f4d6b135451633de827fc20f4fdb
    home/i-am-a-developer: d8feacce28faea3fd4228a1ebcb11473
  81c53af057228d439caa562136986947:
    home/title%2Fmain: ef1fb56b8dafd605fb267df2b0a8a91f
    home/description%2Fdev: b866f4d6b135451633de827fc20f4fdb
    home/i-am-a-developer: d8feacce28faea3fd4228a1ebcb11473
  250a4a9b39c8b90557bd4f761e5f3cbb:
    greeting: 5a06f8dbe2138bc2d66dd20061d3358a
    welcome_user: 5e708a6af9b86f8aa4d9bd9ea571adad
    items_count/zero: 955c31a42e9ff663a49e69e944c8c537
    items_count/one: 154c8eed472b867c8d5af66d162abd2c
    items_count/two: 8d5f050e1b4c80b1cb2dfd5960330dd6
    items_count/few: 74e296c76396ac5c4b6e8f3bf3a6d02d
    items_count/many: 74e296c76396ac5c4b6e8f3bf3a6d02d
    items_count/other: 74e296c76396ac5c4b6e8f3bf3a6d02d
    days_until_event/zero: c36f40b15661634b9d11a6704489bb2c
    days_until_event/one: b42325bee976924c2ec6a2e318b1edfd
    days_until_event/two: 7f8cb60480d1a0e81b8e0ae0a1d93616
    days_until_event/few: 2e421cd13245d454ae47fb1ef5833c6e
    days_until_event/many: 2e421cd13245d454ae47fb1ef5833c6e
    days_until_event/other: 2e421cd13245d454ae47fb1ef5833c6e
    complex_format: 9442e21617626db280d376872a8bae6f
    date_format: c4137fde368529804b9c43edb293f521
    multiline_html: a2f5d47387c8011c0dccc58ceaa1cb8c
  9c4e19808888b454eb5178a0ab79e392:
    greeting: 5a06f8dbe2138bc2d66dd20061d3358a
    welcome_user: 5e708a6af9b86f8aa4d9bd9ea571adad
    complex_format: 9442e21617626db280d376872a8bae6f
    date_format: c4137fde368529804b9c43edb293f521
    multiline_html: a2f5d47387c8011c0dccc58ceaa1cb8c
    items_count_zero: 955c31a42e9ff663a49e69e944c8c537
    items_count_one: 154c8eed472b867c8d5af66d162abd2c
    items_count_two: 8d5f050e1b4c80b1cb2dfd5960330dd6
    items_count_few: 74e296c76396ac5c4b6e8f3bf3a6d02d
    items_count_many: 74e296c76396ac5c4b6e8f3bf3a6d02d
    items_count_other: 74e296c76396ac5c4b6e8f3bf3a6d02d
    days_until_event_zero: c36f40b15661634b9d11a6704489bb2c
    days_until_event_one: b42325bee976924c2ec6a2e318b1edfd
    days_until_event_two: 7f8cb60480d1a0e81b8e0ae0a1d93616
    days_until_event_few: 2e421cd13245d454ae47fb1ef5833c6e
    days_until_event_many: 2e421cd13245d454ae47fb1ef5833c6e
    days_until_event_other: 2e421cd13245d454ae47fb1ef5833c6e
  50315facd0071939973b7e534c3743b6:
    items_count/NSStringLocalizedFormatKey: 616c996ac6538f31d31937a9187f26c0
    items_count/items/NSStringFormatSpecTypeKey: 8cc03ef30ad5b2d8e27f3612627d932e
    items_count/items/NSStringFormatValueTypeKey: 43427fccc66cbcc5b7e93b12f078b1d2
    items_count/items/zero: 955c31a42e9ff663a49e69e944c8c537
    items_count/items/one: 154c8eed472b867c8d5af66d162abd2c
    items_count/items/two: 8d5f050e1b4c80b1cb2dfd5960330dd6
    items_count/items/few: 74e296c76396ac5c4b6e8f3bf3a6d02d
    items_count/items/many: 74e296c76396ac5c4b6e8f3bf3a6d02d
    items_count/items/other: 74e296c76396ac5c4b6e8f3bf3a6d02d
    days_until_event/NSStringLocalizedFormatKey: 09e8eb287d7e597de0ff05a630b09396
    days_until_event/days/NSStringFormatSpecTypeKey: 8cc03ef30ad5b2d8e27f3612627d932e
    days_until_event/days/NSStringFormatValueTypeKey: 43427fccc66cbcc5b7e93b12f078b1d2
    days_until_event/days/zero: c36f40b15661634b9d11a6704489bb2c
    days_until_event/days/one: b42325bee976924c2ec6a2e318b1edfd
    days_until_event/days/two: 7f8cb60480d1a0e81b8e0ae0a1d93616
    days_until_event/days/few: 2e421cd13245d454ae47fb1ef5833c6e
    days_until_event/days/many: 2e421cd13245d454ae47fb1ef5833c6e
    days_until_event/days/other: 2e421cd13245d454ae47fb1ef5833c6e
    greeting: 5a06f8dbe2138bc2d66dd20061d3358a
    welcome_user: 5e708a6af9b86f8aa4d9bd9ea571adad
    complex_format: 9442e21617626db280d376872a8bae6f
    date_format: c4137fde368529804b9c43edb293f521
    multiline_html: a2f5d47387c8011c0dccc58ceaa1cb8c
  b3b7f970e3d2e81f9679d0f0de74e5bc:
    simpleMessage: 6ab8c48d251e87acb707e43006d783f2
    "%40simpleMessage/description": d51140d8cf31b254cb2887c465af2121
    messageWithPlaceholder: a4028aa70eaa7049318f039837199173
    "%40messageWithPlaceholder/description": 80a6d05342c0024a0cdce80a7b4330c3
    "%40messageWithPlaceholder/placeholders/name/type": d9b2e6a31602b72464acbd1771cd5720
    "%40messageWithPlaceholder/placeholders/name/example": 41853d3f04b645aa5d16b5faa5cd7a96
    pluralMessage: 5d99c6ef240b21489e9de37118d9abe9
    "%40pluralMessage/description": 0460d201ea86c317355c93e336256f78
    "%40pluralMessage/placeholders/count/type": b60b53ee3b55f2f842e64dbb9becfe08
    "%40pluralMessage/placeholders/count/format": 3a91783b8a4ca53167e22450df491216
    genderMessage: e28d61555c4f2a82e756da7c102fdd30
    "%40genderMessage/description": fe9eb56076be28cf1baaee1147b9fd74
    "%40genderMessage/placeholders/gender/type": d9b2e6a31602b72464acbd1771cd5720
    nestedMessage: 5e0dca93f6b3f140941c1d47ff115314
    "%40nestedMessage/description": ebcd51a856fef519b41fc04844936e56
    "%40nestedMessage/placeholders/count/type": b60b53ee3b55f2f842e64dbb9becfe08
    "%40nestedMessage/placeholders/count/format": 3a91783b8a4ca53167e22450df491216
    "%40nestedMessage/placeholders/unread/type": b60b53ee3b55f2f842e64dbb9becfe08
    "%40nestedMessage/placeholders/unread/format": 3a91783b8a4ca53167e22450df491216
    dateMessage: 8f8b3d41f4fb5849db8efce61cc983c9
    "%40dateMessage/description": 1b74219679aac9ad36d2535642b24b55
    "%40dateMessage/placeholders/date/type": a6ed10e8d9ba37a95152a327df102f8b
    "%40dateMessage/placeholders/date/format": a3b36f0bf5d4dd91b8f14319e6d32280
    currencyMessage: b6a41e9a4ccac26e01621ef82c88c287
    "%40currencyMessage/description": ee3c723c2e96b41daeced5825e59064a
    "%40currencyMessage/placeholders/amount/type": 3ed48c0e4300158c1d9e988fff63f9d9
    "%40currencyMessage/placeholders/amount/format": 6d2060db7ea78e2de968a26444ec825a
    "%40currencyMessage/placeholders/amount/optionalParameters/symbol": ce3025799d70859c869af0b2fea2ad8a
    "%40currencyMessage/placeholders/amount/optionalParameters/decimalDigits": 7f9518f51efce718baf93aced6e39a15
    percentMessage: e091023f926a93300645759e90848cf4
    "%40percentMessage/description": 664e99ec8994c8b6f29046ec2d4ebbf4
    "%40percentMessage/placeholders/percent/type": 3ed48c0e4300158c1d9e988fff63f9d9
    "%40percentMessage/placeholders/percent/format": 3a9ba59bd14cdf6a7ddeb922a7efdbf7
    listMessage: 12632bfd4b8c03f13bf7cd41a2c821ed
    "%40listMessage/description": 1d64eccf032458311db54315afdd2316
    "%40listMessage/placeholders/fruits/type": 99472cb8aaf87b3809caee2b781a0557
    complexMessage: b30fe2a8990c467391296864126cb42d
    "%40complexMessage/description": 50506b19586c2a944ff56db9123686c6
    "%40complexMessage/placeholders/date/type": a6ed10e8d9ba37a95152a327df102f8b
    "%40complexMessage/placeholders/date/format": a3b36f0bf5d4dd91b8f14319e6d32280
    "%40complexMessage/placeholders/name/type": d9b2e6a31602b72464acbd1771cd5720
    "%40complexMessage/placeholders/name/example": e80d4063a32adaad7b0a82b0bcc10551
    "%40complexMessage/placeholders/gender/type": d9b2e6a31602b72464acbd1771cd5720
    "%40complexMessage/placeholders/guestCount/type": b60b53ee3b55f2f842e64dbb9becfe08
    "%40complexMessage/placeholders/guestCount/format": 3a91783b8a4ca53167e22450df491216
    "%40complexMessage/placeholders/eventName/type": d9b2e6a31602b72464acbd1771cd5720
    "%40complexMessage/placeholders/eventName/example": b5c51b2ed9c463cbcc18969e080be169
    escapeMessage: 88d90279078fafe7a29fda6f17f99c06
    "%40escapeMessage/description": d1115c61088acbe5c0b99d46bdba0a8b
    multilineMessage: a54a797df1eded0bdb2d0e6078e5eb5d
    "%40multilineMessage/description": 9b738dc852df541efeadadb453e11f5a
    htmlMessage: a9e1185f9b7d4cbb64151766e881e4a3
    "%40htmlMessage/description": b6bbed89ea7ee962bfc0ce042dcce018
  2bc3a8ed319665fae7eff9afc672f20e:
    app_name: c215a8d46c95f00089c5ea0d17eef742
    don_t_forget: d8fccac92bf4abc0ed2986294de23f83
    can_t_won_t_shouldn_t: 32a724977b1df3f505f4048be7f13358
    quote: c03cdd6e533842fc8d567fe86e9423b3
    mixed_quotes: 792986981ea317fb460b4c6067e7d4de
    special_chars: b790f7f172596aa36012890bd7086b22
    html_text: 2e47895b6c240483675fb3f3d2efcff8
    multiline: af742e306fb0c689582cae5fea3e72a3
    cdata_text: 2b801f941cf161367d0de14699aed32f
    welcome_messages: 3de663b9b1da14950e0dc9458288a103
    unicode_string: a92b4ad5d62c70b0e60fb246114d976b
    escaped_string: 86c751fa88be9fc0fc466c5117e53872
    app_description: 6d8ca3bdd574b2d0c42c0b85785e5c73
    complex_format: 6d53bb54c300cc22849404edf22798d8
    formatted_text: 2542708c0f2a1a1fc2622f036ee5e8e3
    planets_array/0: 32b9529177f7ebae9142a2873fdc5725
    planets_array/1: 8f344969ac006decef583f02ec48e2cb
    planets_array/2: bd04302423f3e10e0b3cec57513fbe3f
    planets_array/3: a2e163ad865587d0f0576ff2900752cc
    numberOfSongsAvailable/zero: 31ec89ed9b5ae26480684390a61be633
    numberOfSongsAvailable/one: f8be3b2314ed17611826ed95c1029195
    numberOfSongsAvailable/two: 2c9289cadaf3013950c9001ddd0b3e49
    numberOfSongsAvailable/few: ed1879c58d83f67060915c0821b7e019
    numberOfSongsAvailable/many: ed1879c58d83f67060915c0821b7e019
    numberOfSongsAvailable/other: ed1879c58d83f67060915c0821b7e019
    is_tablet: 7b4c153f7a7be9b6b5053f21d735103b
    max_speed: 19d25a47a74ee7755adb42ff8f6956ce
  25add62e9340a686ce2995b840d8a439:
    home: 104a3db3b671c04e167eafbe21e57881
    user_management: 82b1e7d9d4c8a8592d956c2ef21bd58c
    user: 61073457a5c3901084b557d065f876be
    brand: e009d8cd169c0093133ee5484cb6066b
    role: 53743bbb6ca938f5b893552e839d067f
    measures: b1e6cf0f356dda0052c4fef4ad4957a2
    claim_management: 24069dcf21bdf7c927bafd698ed93e36
    order_engine: fa499baec40192589f50a9a2d07bd585
    product_engine: 38b39fc7bf4e48e51136d04846e15c72
    create_new_product: 2605ca66debcfdc3f62e5e6507a956bd
    supplier_map: 6a951fc3cf4fab5a0f2d93a56d683feb
    compliance: 8c769b66f33999ac37075e110344bf70
    over_view: 30c54e4dc4ce599b87d94be34a8617f5
    product_compliance: 1b383e622030a512c3d784e6e02479a0
    reports: df3f8e0cecf1c969d86da9c31d9a16c7
    reporting: 97bf64946f8f76632eab6fb8767b16d7
    product_lca: aa99cbba65362bb7190bfd5dc9f00b08
    settings: 8df6777277469c1fd88cc18dde2f1cc3
    back: f541015a827e37cb3b1234e56bc2aa3c
    submit_for_review: e150c4ec8de0afc2abb4237412b0e759
    submitted_for_review: 13e0f6b52f75e4a18eae10d435975cc3
    verified: 9566bd61c1f754dd5082eea5101f15a8
    pending: 030a6f3395d5d4efddd3cc67d6009039
    brand_name: 3432e7e724c74241ff93bad28819b8f2
    contract_start_date: 2c0a3b021c927aa553e840b633682bca
    contract_end_date: f0cbf6978a7ec54be188b7d5228b5e2a
    max_products: f9abc304d9fea7d80e2e948c210cc58b
    max_users: e0f3d954776603d8a315c76188a87492
    features: 341ff316a339b106a178f0b8d362951b
    contract_files: dbdb3a83bbcfe005dc97b92f45b8dc82
    logo: 47fa6b3978c1c06acc29b6cae393b0c9
    actions: c46571856723b03262fd33f511116298
    add_brand: d0fe40ed8d4fd76a9c8b50776227314f
    brands: 32148f03c8e0a48a94f005ed9f2d7987
    page: 6f2da0f76738dbfc35d203a825df1218
    download: 56b7d0834952b39ee394b44bd8179178
    update_brand: 1704a211ceb82676f1e9d2c9acc86775
    brand_onboarding_form: dcf5fe3125150c5b059cc77cadcd1c81
    update: 079fc039262fd31b10532929685c2d1b
    submit: 7c91ef5f747eea9f77a9c4f23e19fb2e
    cancel: 2e2a849c2223911717de8caa2c71bade
    delete: 8bcf303dd10a645b5baacb02b47d72c9
    delete_brand: b4238c78bcf2e55c565dc36da2d3462c
    are_you_sure_you_want_to_delete_this_brand: 7251e296c0d8a9d313d0addaee1f7f0f
    are_you_sure_you_want_to_delete_this_user: 08a5d3de742eab1881a09e5a1071ebc4
    brand_name_required: d18284023b0bc0024db9344fe37b7b24
    contract_start_date_required: 4fa083c543222568a5a4cd53e38c7989
    contract_end_date_required: 821c5e706929b41e1e6de999dfe6bc15
    max_product_required: 37f25ff31eb67c100ff3acebe9a0beba
    max_user_required: dbcd19da6070654dc933ac59b6728ae2
    features_required: d19251d44f039a0e3d303862ac0fd3e6
    contract_files_required: a5d4a652dea912869a7501c67b76a57d
    logo_required: dd324646bbd234999a1b6535f1354139
    add_role: eab90351fe2d155d4b9d5ffa93c76f27
    role_name: 6166d263954a8c5e41e988801c2cfb20
    resources: ec7fb05ed963bb6781a35782b3475502
    loading: c6bc8c380e83336c81a92594d3f23000
    roles: bd1f3bd140c557621b7a37f1ff604f75
    edit: eee7f39ff90b18852afc1671f21fbaa9
    update_role: 821c6a0de0b1c94804da5cd2bc871d5e
    create_role: a92546a05e05bfa6f05e2b9587f0b8bf
    role_form: a92546a05e05bfa6f05e2b9587f0b8bf
    add_users: e79cc5c4a015c9607250692894c1ab0f
    update_user: 1990781c97ad66f08a85aa37c0c2ddc7
    user_onboarding_form: 4489ee46c98fa30e8625b34b29db2aff
    first_name: cf040a5d6a9fd696be400380cc99f54b
    last_name: 2c9a7de7738ca007ba9023c385149c26
    email_address: 0ee22bbbe989a0c61a18023407d12dc2
    password: 223a61cf906ab9c40d22612c588dff48
    select_role: 721386ffc498888d43775fdc51b11a14
    select_brand: f84cd9c73e5fb2779440258f18ddb02e
    create_user_account: f8e158573411c52eac78248bbc25da73
    users: 62e2dd469a8662dd29ceaba1adf898fc
    email: afc6a87a198ec3aa131c92abdad83bc6
    begin: cc2a17a662cb60dd2d8335a2e8440997
    manage: a3d40c0267b81ae53c9598eaeb05087d
    goals_targets: 2b0ca1c269a531cb1bfbe0b9301e2a94
    your_ongoing_jurney_as_a_transparent_and_commited_companies_continues_here: 0192492751b2572416fe7d55d51346df
    goals_sets: e1863b77a3f1dc1d7eb1bd008923a254
    certifications_and_proof_points: 079ee9bfdf5f320985e42285b259ea2d
    select_category: 0080037d77b8c190a22d7b97b17a422a
    suggested_category: 1207873e1a40988db2f29b6bc1020541
    discovery_mode: 0f935e5955656d91bff9286033ba91a7
    questions_answered: 8db5060be5152a072351eb6838c0b036
    view_and_reply_to_as_many_questions_as_you_can_to_discover_which_values_you_could_claim_based_on_your_data_and_documentation_of_prooof: 9b3cb837da21a94765f9d83fee8a2c6e
    next: 89ddbcf710eba274963494f312bdc8a9
    prev: 724f0dc19f459215364fbcfc2793d45a
    uploaded: cc04b77fa4bfd479fc80b05a769d49ce
    you_have_set_this_as_a_goal: 3832f4998b2b34c916048e34e7bcef75
    set_as_future_goal: fcd4758dea4d2bd487d721b2cf9baeb8
    choose_file: 9306bd63d513006791866960aa74c4e6
    file_types: fe82ced1f04d8b063401b779d3ce7034
    extra_notes: ff8ee3c2b425e612d39f0360686ccdf4
    pick_from_library: b78cd9a4935e084d2391d508cf8bb584
    create_new: 2b16571245d9f0842334895de31c80f4
    certificate_details: b9036f93239e29c9c206f1b99517730e
    attachment: cc20aa245578b01bdf987c3aa34a4f32
    insert_name: 94fff2ae0873f972b96bda729953631b
    select_type: fa373e47f55ff081982844a853be3a88
    emitted_by: e3bedaecb476953bdda634ec444ee365
    insert_date_of_emission: 881745cf7cfed5d2dc3dff1bfbe8981c
    insert_expiration_date: bb80bfff8069c7e2f8bc4779b5636632
    select_certificate_owner: 163886671fe9a3f0e7c0094c5223c0d2
    create: 757ccd28dd533ff3a933355273c1e32a
    attachment_is_required: 33f1e69b89a8df534ab012fd1d3e19bc
    name_is_required: 9cfb07618c3bfb2d8d50f93c983e9ae6
    document_type_is_required: 467bd7beac6d5e1b297afca2665c9534
    emitted_by_is_required: 47229f5f4915d306beb483713cae037d
    emission_date_is_required: c5fcd7c1097639df57508a531960b9bd
    expiration_date_is_required: e071f036ddd19d6a9d0c28e236bf9cc6
    certificate_owner_is_required: 1a458a460032945eb45213c8ec23a5d4
    pick_certificate: 7fd212850552c74869be77f2118d5d21
    preview: 3173ee1f0f1d4e50665ca4a84c38e15d
    name: 9368b5a047572b6051f334af5aa76819
    date_of_emission: cc2d37237c193bd57a32d2925e0b51f0
    expiration_date: 3f6730fe84c53abcf3091479ad37fa0a
    alerts: 1e7f74a4a9404806ffabb29d5379a4d8
    thirty_days_before_expiration_date: d27e9b279239b4d341191ff992f9197c
    validated: 4a3ddc0ebe876ff26001201203348d2c
    form_issuing_today: 0af669408809ad8cafd88228195dbf87
    certifications_and_proof_points_uploaded: 1244b3750c5fef4b73ee417668fb62cc
    verified_date: 7799ede4e5c2737abad0894071125d4e
    privacy: 6007d5d5f6591c027b15bd49ab7a8c47
    search: 49dd6c21604b5e8d4153ff1aff2177e1
    view_profile: 74ac7a3d2c5dbfbb6913b08e87a129dd
    user_name: b22f1bf369cd97e8de26f32e09b3b486
    user_profile: 223bc308e7a99c6cf64648b6d553bdff
    log_out: 9a236bb8f8bec867ec0d0950d38bcc71
    user_details: 4072969fbac65df4aa83ddd48cc64dba
    full_name: f45991923345e8322c9ff8cd6b7e2b16
    form_status: 7dfa24470528cfc11884d8ef790a5d96
    visibility: 1ff412f8fcde0f460acbf11153649646
    image: 048ba7a239de0fbd883ade8558415830
    E_commerce_item_code: c99aed60224ccd8efbd0a29bf87d4dbc
    title: 344e64395eaff6822a57d18623853e1a
    supply_chain: 0f679b8025c07fe04cd73ee17da9ac1b
    collection: c56b73195f4907b99df7b22885eaa70a
    uploaded_products: bd1dd7a3df481ae32f835679efcda9fa
    upload_product: 6204aec8fa86aebf804db6bc81bf84a7
    new_product: fdabef96fb4b8ab7249526caa55ca928
    additional_product_facts_form: 1aacaa32175fda84982f2ae5292bce94
    total: f60dc0a14e9b1bace656c644de25de5b
    product_title: ba74e5d4e58c3de9a9e8f12fb1834ce6
    enter_sku: 22f7819bda46a7df3832d11f65bab9c7
    e_commerce_id: 716d80f9329af9fe7c03fc58a87a653a
    item_code: a42ab813856ffe0219e542b9eb8504d8
    insert_collection: adeea11d409cb2dd8138a08d6684f42f
    composition: 6a3dfae30754a772f68027812d9999c1
    additional_settings: f3e800cd911854634c02f4489d727a45
    care_instruction: ebdadcde9e4911f9d29d100a192b2811
    additional_care_info: d9469009a782cc5c0cc27e30df6f744c
    weight: 0f46ce3eb36714fd0da498f1d6c752f1
    colors: a1afeb33ae765ec4f8caab2d13c1fc0c
    choose_category: 747c980f43148403da17cd43cb9cbf81
    price: 6e3258d4cf5835177d174a5259a9cfd6
    save: f7a2929f33bc420195e59ac5a8bcd454
    enter_collection_name: ffe2c49a94b5633dd30afa4f6503e0e3
    mandatory_for_product_creation: e23d51e3d82e918e8706c05d1ab94d9b
    mandatory_for_qr_generation: 346eb7cbeb9d8db74e5fd4becde922b8
    attach_image: 39442cbf659c1861261fbaefe24ed2e1
    upload_files: 0c517ac5a21439c4a3b8d1f4070ed9fe
    upload_CSV_file: 0978eac9c7e700f0fff0065c49f954a5
    upload_images_zip: 6b7001d86c9bac9919ef7b79e07bb420
    update_product: bbb3e183b7dd569a0c46ef140a9a40a3
    material: b7fdf34f4c58a5140f48e4ea4c45866d
    percentage: a3f8383e2d3a91e6c2eb6527c32224c0
    add: 87c4a663507f2bcbbf79934af8164e13
    qr_id: c5710c705192d6fb1792c5780e9bdf5e
    mandatory_ecommerceId: 1d1f366027ba437f8118f262d182207b
    weave: 1556e429e647f60bf1058edce3aaa790
    title_is_required: a8541a9d81ad1f2d007e52328d8b4074
    weave_is_required: 92235adc2b83e36d127bdc11281c1fe5
    sku_id_is_required: 85f5dc3a24893acd115139cb540e937a
    ecommerce_id_is_required: 2e1997e5c15162a169ff7c9dd91c6e00
    cannot_contain_slash_or_underscore: 7148682e1d15d87972dc48c45b9a2c3d
    no_files_selected: dfa552762594d996e94a7538d76bdf0e
    invalid_file_format: 3e2bcb77f25790393ad79901a1f36b0e
    file_size_exceeds_limit: 30321437d235e3f24f3f7d9810056aa7
    total_file_size_exceeds_limit: 4f378cfacc048d79814eed8090a48e28
    active: 3e1ec025c4a50830bbb9ad57a176630a
    archive: fa813ab3074103e5daad07462af25789
    download_QR: c1ced2b25fa9d1691ef76ae6956546d4
    no_product_found: ca3fc66ae99400fd69e20453d50ea5d3
    these_are_the_claim_which_are_approved_pending_and_rejected_please_take_the_action_as_requested: 4501e4d73d31a035cfafc8cd4fc38632
    requested_category: 3e9aa519522b4505f8540c548b5b1552
    submit_the_detail_and_wait_for_approval: ccb9baab7971354db9e9fc7ef06d5b27
    submitted: 3af81b50bee720e6cf9a6ddbb5f10ce7
    set_of_questions_to_be_answered: ec4a3e302af4d4bb4374e16e6eec37ce
    verify: 6ad4aad279b2411ee9bf24a43e37ae03
    categories_to_be_reviewed: 30638f0e4d788aba2c2de8fbd52f9549
    are_you_sure_you_want_to_delete_this_certificate: 3672f479a7b91c24be5c3f2d449288a9
    delete_certificate: 02d45f9ad5eff3af417d779ba131d48a
    select_the_value_you_want_to_claim_to_easily_aggregate_your_data_in_the_section_below: 21f8dc13f5a769f1fbc7b815279706d8
    review_categories: be2610f8124ad1ee4347e85fdf120649
    review: 299f75db25382980b2895622d7712927
    categories: c8683ba355c1da51f3d2904ab190f2e1
    categories_and_claims: c8683ba355c1da51f3d2904ab190f2e1
    note_before_you_start_you_can_save_and_edit_your_questions_anytime_before_submitting: 2ba4a8ebf9b6572cde0bd456304aca2a
    enjoy_the_process: d401fde3d6e0c2c794158f66dd559d81
    eco_packaging: 45a1143aa7c013422f242248a65b89f2
    submit_the_detail: 312c7147edd17b3cf3807c0b801d2829
    claim_status: 3aaf4e52738dd348164013d81719d612
    create_the_claim: 267f9ab9d61e6f5cf46cd8ee6392acad
    save_claim: be0233076373126f403543b06cb4e08a
    reject_document: 8b739b5f7d8a265e761b24e4678b2161
    reject: 417c19f66db70a0548bdeb398cdc46e0
    reason_for_rejection: 0739e8cc7f0707b7a2311a2a79c9f234
    locally_made: 7dfbc34a995caeb492dbc9589e968d1f
    reviewd_category: 816bffaef6c8169f85de89501ed793da
    document_already_uploaded: c0e823cbbf2f2fad971b8c457a0fb8f4
    select_or_enter_a_claim: 67e0400046d66e5722375ed08ac46aeb
    reason: 9b66f286b86dd0e87b1ac0604c9d1ced
    explain_for_selecting_the_particular_status_for_the_claim: 75e8b9a3e7837991c4f6d632ae23c150
    assign_a_label: 181b259310d0018fcab0dd9a05a8ee16
    label_name: de016fec08f99904177f94f1253d6c46
    label_eg: cf3713ecb1a96442eb866f6937c08b08
    description: e17686a22ffad04cc7bb70524ed4478b
    assign_document: 3900e75e9fa0b8100c2cb7af966d5b35
    document_attach: 1f489526358c5b3ae91e5b40c1ad9e70
    assigned_document: a47481712bf0426ae2a340653b395a65
    label_assigned: 0d0582c5397843c6b602f4eb76640a0a
    all: 5e2e93f8e2a5f315b6fecdd0a0e6f55f
    supply_chain_management: 388f94778d5c1cf3a922c11d17251d0c
    supplier: 0e713e35bf9c936c8a6bdc72e1b8641b
    upload_csv: 005161df751789288efc93f0651669dc
    add_suppliers: 924d79ceb62d8a8e908478e091ff1eb5
    view_claims: 462b46c89e4548dc9f64e2f0d10da73a
    add_proudcts: 8989a2c6a096e8a4fe18cb0b43031a44
    create_supply_chain: e101aa3c6f52d4706fb823e9fcb4637b
    suppliers_have_products_or_services: d644533b462c6a1e6297d6bc3682ac32
    claim_name: 2527778882fdc82901c43513aa0d4631
    claims: c8683ba355c1da51f3d2904ab190f2e1
    list_of_claims: 973018a7d9094c538949e56418e2a702
    add_supplier: 79fa6a4cd5fec998d8fd06f553467be2
    name_eg: dc06548c0ca0a4b5af3c5f13da37f5ba
    vanity_name: 129607ed05e81595630e1245c78b4414
    products: 9dfe3a46040708f179d851b27fc15093
    website_url: f285dafddcd0d3d355d44f425108ec22
    website_eg: 8df8405374d61e8a771a0ed92fc890d3
    vat_eg: e371db034455338baeafc1593924af42
    vat: 9651566f1616e890ed77098add230c7b
    address: 5a9a8bc26f90d84c90105690a2eb23a1
    state: 118de561d4525b14f9bb29ac9e86161d
    city: 1831f32e1babbb29af27fac3053504a2
    region_country: 9ad9c7537b4f8ee3a3da1dbdbf97b795
    street: 83e0225dba13e53ca8e1854c8337214d
    upload_images: fa1d7ede6cc93ad7b2badf04c3c908b5
    contact: 9afa39bc47019ee6dec6c74b6273967c
    no_of_employee: eb2e984e55f1b8a73719901740ea1a5c
    no_of_factories: 430018f059b28dbe43e570185c030b1c
    add_a_new_supplier_by_submitting_this_details: c12d32c07b4652aca5776abd53e2087d
    add_new_products: bc14bb2848d0f7623d49282c883237ee
    document: 5ecdc0287221f041681ed05eecde53f4
    select_products: 74e8304434710442280219901882b42b
    more_custom_properties_may_be_added_like_colors_etc: d2764383adc1edc5f18fc876f04d2014
    they_are_not_always_relevent_and_not_needed_for_the_mvp: 22db9dabce67e3212100dfbc7cc0e2e5
    vanity_name_is_required: 522c6e7ff6c591b41df0e38f2f0d2069
    website_url_is_required: 2868cfa7a7f53197340f7f6c74c84640
    vat_is_required: c90ab8c36f9f846b7c4c4714a878b808
    description_is_required: 226a0a9ce2cb508d3044b8057fb12afe
    contact_name_is_required: 360e7f54064e7d49337d08ea1700db0e
    contact_email_is_required: ac16dfd5f037c80f685608ba9755d620
    please_enter_a_valid_email: c28f92f8e6f25c64ef583a3419fdd08c
    street_is_required: 76c6773709bf668c29944f9739125d21
    city_name_is_required: 5a08cc4c59843657d06919c01e996f79
    country_is_required: bc445538cbfb82e50d5db84009e5ae8a
    state_is_required: eee70d53d44cdf85e33476f7587791ef
    add_new: 8689c9f42eae8fd6d7080fbf563326f5
    stage: 791b091ce29b771e471bd0818fd63466
    sku: 1ec2b5cae625dd0cbfce33299d1e8271
    sku_eg: ddca866d5371704548d1ed6959e100b1
    add_new_product_or_service: 8989a2c6a096e8a4fe18cb0b43031a44
    stage_is_required: 95f9c1dfd8e70f30199b3c9af95f2333
    delete_supplier: 9112c3f12cff02ceb2d02ac29081cee2
    are_you_sure_you_want_to_delete_this_supplier: 9ba7e22d997ff97eb39f12981cd73456
    view_claim: a1daa725b9cd1acc736a9f963c9fa8a7
    search_products: fbd72f720a77e3c5cbbf1e0d4fea659b
    create_product: 71f9426651061815ee197a356ceea4ba
    create_service: 9a588bf1cc4c12380d115903f312c0fc
    image_type: e8b06232bb49c6aefdf22890e6a32217
    are_you_sure_you_want_to_delete_this_supplier_product: 27dc85a8a3f5c80a84db6ae5cbea5f4d
    search_services: 6c09ebb5278f01cb88cf491906b2de7f
    edit_supply_chain: f78b2291e6ea68d509230b30855aeb1e
    are_you_sure_you_want_to_delete_this_supply_chain: 41dc60775dfc6a2b33c72b29356ac374
    delete_supply_Chain: ff659ea77028ddeadd7703b3f9979784
    continue: 3cfba90b4600131e82fc4260c568d044
    select_the_supplier: 5b04526b15741a919174fb91cf00188c
    edit_product: c9564b9d46f62b969681f5e1b09331d2
    save_draft: 85b75c24897ad6d44953fda57805501a
    detailed_view: 0cd04910b4cfa4424490a879daad1576
    they_are_not_always_relevant_and_not_needed_for_the_mvp: 445ef8b2ba2114d3ee140bab56b61d07
    add_products: ff9b638a1a61d93bd83cb0f1f2561062
    select_the_supplier_product: d7c279d67816cda9b64d1167fdb00e05
    is_in_supply_chain: b4ac047f221ec9ac207c9ac867c81823
    country: 73581fc33a1e83e6a56db73558e7b5c6
    has_suppliers_products: 01f1d7b257b883b6b4ab65755c105394
    sort_by: 8adf3dbc5668379558957662f0c43563
    filter: 626325a05e4c8800f7ede7012b0cadaf
    clear_all: 854be0c051e4a3491a2cdd9dd8c1b4d5
    has_products: 4eae18c55100ecd19763af0753e4c8d1
    is_in_a_supply_chain: f24dcbf7ed9b8051414e4f28900fb1f0
    service: 570723a8d1f14c7303bd68aaec9d35ef
    product: 4e5f845a09d417dde0a1310bc9ca4bfe
    type: 23ea0ed189e47ad5313680f752954c81
    has_suppliers: f2eebfffb255cdccee9bcdf3c2c334b7
    are_you_sure_you_want_to_delete_this_chain_product: d1ace806f78854212296b2c3e4627e05
    are_you_sure_you_want_to_delete_this_chain_supplier: 2d976e22190d6bc1339e2121b2c1ced8
    zoom_in: 20244d74cc44e8606cbf4bb8b4e16e4b
    zoom_out: b723e467be28d8659338502c470821fd
    reset: c19c53a05e21c7f3b395247809a14b51
    no_certificate_found: c9ca5af5ab47fb5576289e02844a07e1
    reviewed_claims: a6d65dc0b0e48d2c573f6bf6681c8d67
    view_all: 590a4c1776a31ad8370306531e06e9f5
    unique_Id: 996de4a0395c06442a190d7332be5ff0
    view_docs: 43ce54f27bb1e3f1880b56e03ab38871
    select_the_value_you_want_to_communicate: a075c963761065934302104699f8ce21
    edit_supplier: 35acd4edc159f6f2c1703bba6474fd20
    submit_for_approval: ebc3264d40bc05f55e71f0da226e04ac
    fill_the_forms: f08e3a5d0e4de2d964686b526aed6342
    the_forms_are_saved_automatically_You_can_submit_the_forms_once_all_the_questions_are_answered: ac6e10b6c1c8ee3bd09cb04e0dfe8ddb
    opens_the_selected_document_for_reading_with_zoom_and_scroll_functionality_Allows_quick_access_without_making_changes: e811d132bb473df1667a8510ddaf95d0
    documents: 20df397bbf533dd05a9798b4e5dedb60
    create_brand: ac73709a01ce2de5db570b2a82de04af
    select_claim: 743939cd88c7a26dec0cac49bd5dc519
    select_supplier: 051d3731400dd9ba63cdbb76d127ab9b
    select_product: 5283bcf98fc958d3000e14cf28f9fe18
    filter_by: 972f378e2e18f983e55fbfcb24244223
    stage_vanity_name: 0d20d9e534c774d7e688eceb85b9dc2c
    vanity_title: d2ec1548a0a11d08899e8f368ac5f55f
    has_not_product: 5230f776dc83df3a88d5e193ea26e6c9
    read_more: 66926b6290ca357f9544aa4f11b67b5a
    read_less: a3240e2b9c441e4918ed8136125f7e4e
    add_user: e79cc5c4a015c9607250692894c1ab0f
    files: aee803d2f576ac1200c73b691191a916
    file_type: 6271939e9c6532e1fe914ec1cf07a00e
    deselect_all: facf8871b2e84a454c6bfe40c2821922
    select_all: eedc7cdb02de467c15dc418a066a77f2
    is_archived: fceb066c97be00dfdbfd579bbd2058ec
    qr_code: 98e0d8ee1f4ce1599a08de315984b545
    date: 56f41c5d30a76295bb087b20b7bee4c3
    only_image_files_PNG_JPEG_JPG_are_allowed: c43454bed35b3146b56c9ecd5c33e0ef
    only_PDF_files_are_allowed: 99cd522c53fae15e3833374de56db0c1
    download_qr: e71db8919d189038fb8f3ff91f175052
    no_category_found: 36468835ef3e075b9bf73e434181cb9f
    yes: ec580fd11a45779b039466f1e35eed2a
    no: 8c708225830b06df2d1141c536f2a0d6
    Name: 9368b5a047572b6051f334af5aa76819
    Date: 56f41c5d30a76295bb087b20b7bee4c3
    Title: 344e64395eaff6822a57d18623853e1a
    Stage: 791b091ce29b771e471bd0818fd63466
    PRODUCT: 6e87a170f70a8d2715bb5e51eb99173d
    SERVICE: 60fafe39cb24fb5c32dd2299d3f16648
    Verified: 9566bd61c1f754dd5082eea5101f15a8
    Proven: 468dc120a0d8612ee115c716c916465e
    Declared: 800b04a71edae65a537abb2b65b2b2e9
    Rejected: 30202c9a9a2093021b0e9a1c61717fe9
    additional_information: 8d1fc247855abcb3e1ab7ddbbb742945
    upload: 4a6c84aa16db0f4e5697f49b45257bc7
    SUPPLIER: 0e713e35bf9c936c8a6bdc72e1b8641b
    SUPPLIER_CHAIN: fd054bf49277dfebc5054a41cbc0e783
    SUPPLIER_PRODUCT: 6d0d6890182786e7adc8e594c82bd904
    BRAND_PRODUCT: a003449ecbde6b7a73044f46ea6bbe75
    Less_than_9: 63c74f3a91864c68de67831ec0a02291
    ten_to_49: 00e432e3da0c6416bbe09e6e140a1d36
    fifty_to_249: 814f04911d902d4646d19c02945f1dac
    More_than_250: b72c5a45b8086b758b2b5232b1399a3f
    VERIFIED: 75ee6e093fed4fe9c7111f15bc9b7ee9
    PROVEN: 920379dea2a1d8b2637fc63bd3cc1cb3
    DECLARED: d02c47fa262e399550bc26a17b5f330b
    REJECTED: 734f2a736f780e6950738593ca3e65c8
    PENDING: 2fd349937f6d12459db2af08ec0a6e9a
    duplicate: 27756566785c2b8463e21582c4bb619b
    product_: ab04ed8fa84b8a8b41d9aaa4b6b6d9d5
    supplier_: 4ad34f5cd0623e309ac249695ca80c33
    title_: 77c5c93d96e093866f788441c6a71cd2
    date_: ca3e106a4ce8822351763c49642ea4d9
    collectionName_: 24a8dc0026954110829469ca1cb35be4
    category: 1b0340cd175aa5a2be745a0d54908466
    sku_id: 7bfffe747ed3ea7d1f2729c5471e24af
    collection_name: 60387ffbc96814da3bd45a0a4dede041
