version: 1
checksums:
  2bc3a8ed319665fae7eff9afc672f20e:
    app_name: c215a8d46c95f00089c5ea0d17eef742
    don_t_forget: d8fccac92bf4abc0ed2986294de23f83
    can_t_won_t_shouldn_t: 32a724977b1df3f505f4048be7f13358
    quote: c03cdd6e533842fc8d567fe86e9423b3
    mixed_quotes: 792986981ea317fb460b4c6067e7d4de
    special_chars: b790f7f172596aa36012890bd7086b22
    html_text: 2e47895b6c240483675fb3f3d2efcff8
    multiline: af742e306fb0c689582cae5fea3e72a3
    cdata_text: 2b801f941cf161367d0de14699aed32f
    welcome_messages: 3de663b9b1da14950e0dc9458288a103
    unicode_string: a92b4ad5d62c70b0e60fb246114d976b
    escaped_string: 86c751fa88be9fc0fc466c5117e53872
    app_description: 6d8ca3bdd574b2d0c42c0b85785e5c73
    complex_format: 6d53bb54c300cc22849404edf22798d8
    formatted_text: 2542708c0f2a1a1fc2622f036ee5e8e3
    planets_array/0: 32b9529177f7ebae9142a2873fdc5725
    planets_array/1: 8f344969ac006decef583f02ec48e2cb
    planets_array/2: bd04302423f3e10e0b3cec57513fbe3f
    planets_array/3: a2e163ad865587d0f0576ff2900752cc
    numberOfSongsAvailable/zero: 31ec89ed9b5ae26480684390a61be633
    numberOfSongsAvailable/one: f8be3b2314ed17611826ed95c1029195
    numberOfSongsAvailable/two: 2c9289cadaf3013950c9001ddd0b3e49
    numberOfSongsAvailable/few: ed1879c58d83f67060915c0821b7e019
    numberOfSongsAvailable/many: ed1879c58d83f67060915c0821b7e019
    numberOfSongsAvailable/other: ed1879c58d83f67060915c0821b7e019
  25add62e9340a686ce2995b840d8a439:
    dashboard.title: c9380ea68c8c76ea451bd9613329a07c
    greeting.message: 981df558575dc8a5f088978cc57a4018
  b3b7f970e3d2e81f9679d0f0de74e5bc:
    simpleMessage: 6ab8c48d251e87acb707e43006d783f2
    messageWithPlaceholder: a4028aa70eaa7049318f039837199173
    pluralMessage: 5d99c6ef240b21489e9de37118d9abe9
    genderMessage: e28d61555c4f2a82e756da7c102fdd30
    nestedMessage: 5e0dca93f6b3f140941c1d47ff115314
    dateMessage: 8f8b3d41f4fb5849db8efce61cc983c9
    currencyMessage: b6a41e9a4ccac26e01621ef82c88c287
    percentMessage: e091023f926a93300645759e90848cf4
    listMessage: 12632bfd4b8c03f13bf7cd41a2c821ed
    complexMessage: b30fe2a8990c467391296864126cb42d
    escapeMessage: 88d90279078fafe7a29fda6f17f99c06
    multilineMessage: a54a797df1eded0bdb2d0e6078e5eb5d
    htmlMessage: a9e1185f9b7d4cbb64151766e881e4a3
  57c97bf5698cf9ccf9f1dacc201e543e:
    head/1#content: 002a014e7e8458b3b8ead3398d57ec44
    head/2#content: a06638e99921eb78065ac3a619ac1771
    head/3/0: b9e90bf1a63a5eecff1c04ce6a0ffbd1
    body/0#alt: 82d5c0d5994508210ee02d684819f4b8
    body/1#placeholder: cd95fbdd0533f2c2e8edf9d9bd9aa8df
    body/2/0: c7a7930780dad5d71e767f37ac2326dd
    body/3/0: d628cb097d9044ef378561f64e1f98fb
    body/4/0: bd8287ef5208fab2c7135c96b23bc858
    body/5/0: d5163fc89999a2d44f228083101b8e69
    body/6/0: 2c2e22f8424a1031de89063bd0022e16
    body/7#title: b2c925267351b610426272f239c2b3a8
    body/7/0: 8f89131a66d4659be07cd5af2c7ea898
    body/8/0/0: c95388212de04c55465c62ac964c66a5
    body/8/1/0: dcc3550bcc74d7e7327412e513c8eb34
    body/8/1/1/0: d866e96d27f7542b7cb73e63412bef4e
    body/8/2/0: 833024189888c53b1ac7252b130b3e54
    body/8/2/1/0: 65768b2b44b047d9b2a8973e86d27751
    body/9/0/0: cb17d94bae8411c39654b716b33ff80b
    body/9/2/0/0: 86a93b8a12c5eb504c42299cee68665e
    body/9/2/1/0: 01033784ac6d942fb1c7d61bbe97d473
    body/9/2/2/0: 30489e1eb5d7e0091b90dedf346f936d
    body/9/3/0: 487177489aafc9c0243c57ef3850a2d9
    body/10/0: 2a7a34e28f3f10302250ae86500929b3
    body/11/0: c2913b21f14cb26095005282537fc860
    body/14/0/0: 19020b28e83ad145b1271abf4e06e0b1
    body/14/1/0: fe97144fbeb14993d9ede8955b29be05
    body/14/1/1/0: 7459744a63ef8af4e517a09024bd7c08
  0d1abbacc6d742097863ba4d910983a2:
    home/title%2Fmain: ef1fb56b8dafd605fb267df2b0a8a91f
    home/description%2Fdev: b866f4d6b135451633de827fc20f4fdb
    home/i-am-a-developer: d8feacce28faea3fd4228a1ebcb11473
  375aef6881d5301adf8d576799de2210:
    md-section-0: fbd0792a448f7a2da57a5d06438bca96
    md-section-1: 9ebb7511694dd3d1fcbbc46f3ea97c09
    md-section-2: b1f47fd5a3de40fc5dc12d4e9b40a9c2
    md-section-3: b4369ef32c2eb07cfd73608f9c7e0a81
    fm-attr-title: 03ddeab99b6170d63191217de2e2c0f3
    fm-attr-file-name: 950367b45201943794aebfbdef8c8b05
    fm-attr-slug: 9532f11ad94e91f96c3f92a18dc63d81
    fm-attr-simple-relative-path: 5bea1a157e040ef84d5d82d4ca4b0d77
    fm-attr-dot-relative-path: 19c7a5a88779d53acf2a175a94a437d4
    fm-attr-absolute-path: 891c4483926b0c7c17d46b81d9669b5b
    fm-attr-url-path: 6ce05f3f676ae92a010ce414a57063a7
    fm-attr-protocol-relative-url: d7b2605035ba429cb589702c6ba944e6
    fm-attr-non-http-url: d21551cdd43e7fe90eefc041dffcf957
  56f7f072bcab520858a247e873141e66:
    greeting: 5a06f8dbe2138bc2d66dd20061d3358a
    welcome_user: 9894020e8bf63cda177c90913974de4a
    items_count.zero: 955c31a42e9ff663a49e69e944c8c537
    items_count.one: 154c8eed472b867c8d5af66d162abd2c
    items_count.two: 8d5f050e1b4c80b1cb2dfd5960330dd6
    items_count.few: e76998d93901ca2dbd145315f0026099
    items_count.many: e76998d93901ca2dbd145315f0026099
    items_count.other: e76998d93901ca2dbd145315f0026099
    days_until_event.zero: c36f40b15661634b9d11a6704489bb2c
    days_until_event.one: b42325bee976924c2ec6a2e318b1edfd
    days_until_event.two: 7f8cb60480d1a0e81b8e0ae0a1d93616
    days_until_event.few: 8860d8b849df0fc9c05a0105686c870a
    days_until_event.many: 8860d8b849df0fc9c05a0105686c870a
    days_until_event.other: 8860d8b849df0fc9c05a0105686c870a
    complex_format: 412e9a53af55fd61a80550c462dfcfcb
    date_format: 53fd72141572ffcdb3ebd8e5e6c4388d
    multiline_html: 2ab8dedc68bd6e23377f8904d170a944
    • HTML tags\n\: 1f6df3af31231e79640ffb1a2c31536e
    "• Special characters: ©®™\\n\\": 1f6df3af31231e79640ffb1a2c31536e
    • A <a href: dd5f8bf46232382e676565983b555bd5
  9c4e19808888b454eb5178a0ab79e392:
    greeting: 5a06f8dbe2138bc2d66dd20061d3358a
    welcome_user: 5e708a6af9b86f8aa4d9bd9ea571adad
    complex_format: 9442e21617626db280d376872a8bae6f
    date_format: c4137fde368529804b9c43edb293f521
    multiline_html: a2f5d47387c8011c0dccc58ceaa1cb8c
    items_count_zero: 955c31a42e9ff663a49e69e944c8c537
    items_count_one: 154c8eed472b867c8d5af66d162abd2c
    items_count_two: 8d5f050e1b4c80b1cb2dfd5960330dd6
    items_count_few: 74e296c76396ac5c4b6e8f3bf3a6d02d
    items_count_many: 74e296c76396ac5c4b6e8f3bf3a6d02d
    items_count_other: 74e296c76396ac5c4b6e8f3bf3a6d02d
    days_until_event_zero: c36f40b15661634b9d11a6704489bb2c
    days_until_event_one: b42325bee976924c2ec6a2e318b1edfd
    days_until_event_two: 7f8cb60480d1a0e81b8e0ae0a1d93616
    days_until_event_few: 2e421cd13245d454ae47fb1ef5833c6e
    days_until_event_many: 2e421cd13245d454ae47fb1ef5833c6e
    days_until_event_other: 2e421cd13245d454ae47fb1ef5833c6e
  50315facd0071939973b7e534c3743b6:
    items_count/NSStringLocalizedFormatKey: 616c996ac6538f31d31937a9187f26c0
    items_count/items/NSStringFormatSpecTypeKey: 8cc03ef30ad5b2d8e27f3612627d932e
    items_count/items/NSStringFormatValueTypeKey: 43427fccc66cbcc5b7e93b12f078b1d2
    items_count/items/zero: 955c31a42e9ff663a49e69e944c8c537
    items_count/items/one: 154c8eed472b867c8d5af66d162abd2c
    items_count/items/two: 8d5f050e1b4c80b1cb2dfd5960330dd6
    items_count/items/few: 74e296c76396ac5c4b6e8f3bf3a6d02d
    items_count/items/many: 74e296c76396ac5c4b6e8f3bf3a6d02d
    items_count/items/other: 74e296c76396ac5c4b6e8f3bf3a6d02d
    days_until_event/NSStringLocalizedFormatKey: 09e8eb287d7e597de0ff05a630b09396
    days_until_event/days/NSStringFormatSpecTypeKey: 8cc03ef30ad5b2d8e27f3612627d932e
    days_until_event/days/NSStringFormatValueTypeKey: 43427fccc66cbcc5b7e93b12f078b1d2
    days_until_event/days/zero: c36f40b15661634b9d11a6704489bb2c
    days_until_event/days/one: b42325bee976924c2ec6a2e318b1edfd
    days_until_event/days/two: 7f8cb60480d1a0e81b8e0ae0a1d93616
    days_until_event/days/few: 2e421cd13245d454ae47fb1ef5833c6e
    days_until_event/days/many: 2e421cd13245d454ae47fb1ef5833c6e
    days_until_event/days/other: 2e421cd13245d454ae47fb1ef5833c6e
    greeting: 5a06f8dbe2138bc2d66dd20061d3358a
    welcome_user: 5e708a6af9b86f8aa4d9bd9ea571adad
    complex_format: 9442e21617626db280d376872a8bae6f
    date_format: c4137fde368529804b9c43edb293f521
    multiline_html: a2f5d47387c8011c0dccc58ceaa1cb8c
  250a4a9b39c8b90557bd4f761e5f3cbb:
    greeting: 5a06f8dbe2138bc2d66dd20061d3358a
    welcome_user: 5e708a6af9b86f8aa4d9bd9ea571adad
    items_count/zero: 955c31a42e9ff663a49e69e944c8c537
    items_count/one: 154c8eed472b867c8d5af66d162abd2c
    items_count/two: 8d5f050e1b4c80b1cb2dfd5960330dd6
    items_count/few: 74e296c76396ac5c4b6e8f3bf3a6d02d
    items_count/many: 74e296c76396ac5c4b6e8f3bf3a6d02d
    items_count/other: 74e296c76396ac5c4b6e8f3bf3a6d02d
    days_until_event/zero: c36f40b15661634b9d11a6704489bb2c
    days_until_event/one: b42325bee976924c2ec6a2e318b1edfd
    days_until_event/two: 7f8cb60480d1a0e81b8e0ae0a1d93616
    days_until_event/few: 2e421cd13245d454ae47fb1ef5833c6e
    days_until_event/many: 2e421cd13245d454ae47fb1ef5833c6e
    days_until_event/other: 2e421cd13245d454ae47fb1ef5833c6e
    complex_format: 9442e21617626db280d376872a8bae6f
    date_format: c4137fde368529804b9c43edb293f521
    multiline_html: a2f5d47387c8011c0dccc58ceaa1cb8c
  b05b783b3d24ee943d83ccd8e274814d:
    home/title%2Fmain: ef1fb56b8dafd605fb267df2b0a8a91f
    home/description%2Fdev: b866f4d6b135451633de827fc20f4fdb
    home/i-am-a-developer: d8feacce28faea3fd4228a1ebcb11473
  81c53af057228d439caa562136986947:
    home/title%2Fmain: ef1fb56b8dafd605fb267df2b0a8a91f
    home/description%2Fdev: b866f4d6b135451633de827fc20f4fdb
    home/i-am-a-developer: d8feacce28faea3fd4228a1ebcb11473
  cd761e96e923fc52320b39dc7a0089c8:
    greeting: a4028aa70eaa7049318f039837199173
    farewell: 0361aa0c2874ff3ffca6c7ae87e1c73b
  872cabd84a947f251d554a3e26771c83:
    186338895/content/0/0: ecfcf8b69c5dd19d202b6fa40e55df3b
    186338895/content/1/0/0/0: e9a89438091715022d32ee848f9a7c47
    186338895/content/1/0/1/0/0/0: 95d7fb9f1898d11d11c6f780052f6f86
    186338895/content/1/1/0/0: f5aa9d71dbd041ca47a6c3d434b92f1f
    186338895/content/1/1/1/0/0/0: facfed61b38989c19c8f074b0dc67f52
    186338895/content/1/2/0/0: 268143f91f21a91ef404f6e21055d6b5
    186338895/content/1/2/1/0/0/0: 3e7f04dc246367bfbd7f705b12080f8d
    186338895/content/3/0: 988a7944adb3c6099859ea61beb028da
    186338895/content/4/0/0/0: 0b41d73bc6fab75376f2110116ca62ac
    186338895/content/4/0/1/0/0/0: 00dba30acff67eadf02f0918b94e47d5
    186338895/content/4/1/0/0: 69b4ef5799bee9c8aa05f189812e17df
    186338895/content/4/1/1/0/0/0: f6b4a9bdaaeaaaffcc721640b15479b5
    186338895/content/4/2/0/0: 747f5f1e2e651de9518ae881c2a2f590
    186338895/content/4/2/1/0/0/0: 53c5d344299d201083c4de204f290dab
    186338895/content/6/0: 27150d398fe1154254b1715c7dc89107
    186338895/content/7/0/0/0: 815242bcbe512561bd5346025f26cd1f
    186338895/content/7/0/1/0/0/0: 96c181b94632d9adcd696d357b3ceb4d
    186338895/content/7/1/0/0: eec91e993586e6f17dc6076e7dfac35c
    186338895/content/7/1/1/0/0/0: d44969deb853ed758c5868d1e957224a
    186338895/content/7/2/0/0: 4e67d06d718d3bfb1179dac0deb792c3
    186338895/content/7/2/1/0/0/0: b27440c5c1ef32eadf63418a50a24218
  a1cf910678ae724cf95bd07155a2bee0:
    185830285/title: fbd403146395526d68ac68d142a50e21
    185830285/subtitle: ac00075d0a4f466ae9c48943d73c5fa7
    185830285/content/: 1af1ecefe0a5453a41be3daa200f6656
    185830285/content/1: 79f070d76e9e1544e1ead41fdbbb7e70
    185830285/content/2: 439cb79e8dfd7923d35b85cfbb6fd201
    185830285/content/3: dd7ca1b35e09881e1f4c94604e8d780d
    185830285/content/3/1: b304e72820ee26ac58729895d4035d5e
    185830285/content/3/2: 43fc583d31152ea26ad046c0f20b4378
    185830285/content/3/3: e58125a5be95ebf2c6481ece413cdc06
    185830285/content/3/4: 5ffd0b6ca2e569cc1cdca8944aa64cf8
    185830285/content/4: fbf463b76cf2ccde8e901830ff685ebf
    185830285/content/6: 19c2b5b91fa9fe006d798ce0931a53fc
    185830285/content/7: d567e6863cab14cd615fe142f8c7b1ae
    185830285/content/8: 492c0eabfbb314ed69cfe3260d8d184c
    185830285/content/8/1: d704b2b20c86eb300fed1556f38b7edd
    185830285/content/8/2: 54cd321b9295767683c06df811f2e6ea
    185830285/content/8/2/1: f750870203043349d570d8f5865ca0f8
    185830285/content/8/2/1/1: 499c0e6a6dac1f3f251615292ba9ee17
    185830285/content/8/2/1/2: dc45ec4837669f76fed4cf062572c96d
    185830285/content/9: 52fd86bd3b351427836dbfa6759366bd
    185830316/title: 70aaaea59e0186b1d4e2b175b26e4489
    185830316/subtitle: 2d02aa64fc8d3e3ab7e670774cf1c3ad
    185830316/content/: 70aaaea59e0186b1d4e2b175b26e4489
    185830316/content/1: 12803942f155c9b94367af88117f1b82
    185830316/content/1/1: 3d9d6285e6bc48394dbb2d42b6c6e651
    185830316/content/1/2: 28e8b27fb60b305a9caac04d8a92a038
    185830316/content/1/3: 4df9291e5fd6ecc1f259c1a3b6042328
    185830316/content/1/4: cc85281a6d3b4908872eb2dc70f7ac10
    185830316/content/1/5: 837ab84bb6fa9eb8cf00f9407e0023c5
    185830316/content/1/6: 34a0cf2bcb728d2e3e79601c0f65f02b
    185830316/content/3: 9acf95f47511850bf9fe5a71ebcc5581
    185834003/title: 1f7444492b1434872386d0d93df30e6b
    185834003/subtitle: 9659fda1f5cbb02dcb53034433047494
    185834003/content/: 1f7444492b1434872386d0d93df30e6b
    185834003/content/1: 7d70c7b6f81394aee1dd00e829380850
    185834003/content/1/1: d35250a04222f23532bb066778bc6f22
    185834003/content/1/2: 8933c78aa1e6d6cfdcb10f550eda5b93
    185834003/content/1/3: cd602aecec008bbdcf88dfeb4031ae56
    185834003/content/2: 8c5ead494732a1b05f1a4e4286150c80
    185834003/content/3: 011ddf664a928c71823c3d22e7b77229
    185834003/content/5: fbfffba7050555b37a35e2b8e658b911
    185834003/content/6: b3e9e27395749311af169b67bc0f157d
    185834003/content/8: ac1b24e6fbe924c90fd043db95cef81e
    185834003/content/9: 63555506d3258684932c86fcace04b92
    185834003/content/11: 6261c7bdb72e3429ed57b78177672aa0
    185834003/content/12: 0965cf17564cff03e03228faa61c1263
    185834003/content/12/1: 18977e92164dcb6d9ecb1c0e3d0544e5
    185834003/content/12/2: 75fad874bbaa26b81712610f751bf3f6
    185834003/content/14: fd9e5302d17c881e1c09e1ca6ac2c694
    185834003/content/15: b4ea565ea2ced0afc59f00844a827402
    185834003/content/15/1: b7a12e9992e726e8cc43d5ef4ef6128f
    185834003/content/17: 8004c046bf22d2c7e63b58e1c925c801
    185834003/content/18: 3c487e0c58eb4ec7c837b88db44582db
    185834003/content/20: 83605592246b8eda3cb17b943a2d41fa
    185834003/content/20/1: caeaeeebfdc420cbdcbc1cba89b7415c
    185834003/content/22: 7beb02333500648c0ede911f33228637
    186106315/title: f22da679d645cb69f2fa69fd189ed690
    186106315/subtitle: f200d460a165b59b3573566bbcaa634b
    186106315/content/: f22da679d645cb69f2fa69fd189ed690
    186106315/content/1: 9fa96455af790136a716d6c634967e61
    186106315/content/1/1: c1aa8adf4215718d78d0e0ada7ac22c0
    186106315/content/1/2: 115bfd8e5c3cfadff298016dcb702afe
    186106315/content/1/3: 65c6255c1f330ab05f1f18b574aee09d
    186106315/content/2: dcbdac950478776ec390ac6b421604d4
    186106315/content/3: e2d712cfac2766b9beb48c52da7a672a
    186106315/content/4: 568acd846788d265bee2eb90682cf373
    186106315/content/5: a8674848d7bb2901f385e6ba061f726b
    186106315/content/5/1: 419d66096ccb158e8dd415f41d2a63a3
    186106315/content/5/2: b9f54ce88e20f517f9ec4df5074de754
    186106315/content/7: 4463e3fc10c8c2c7defe5fb7c6aa64f2
    186106315/content/8: ea5acfade50baad9f71c713d8df1dddf
    186106315/content/8/1: 419d66096ccb158e8dd415f41d2a63a3
    186106315/content/8/2: 370b5e4ff1fec5e56c4e5beff196f5f1
    186106321/title: acd11533a9a0710154b045b1bf7d2329
    186106321/subtitle: 002baeec5cce71ba46a71804f66e183b
    186106321/content/: acd11533a9a0710154b045b1bf7d2329
    186106321/content/1: 423d1ada63ee49999c89be348fd30c5b
    186106321/content/1/1: 295d76ac17ed6de62223cef546362827
    186106321/content/1/2: 3f6a07334a64d169fe7888cd7f8383c5
    186106321/content/1/3: 539ce53c78ec9b38e14e391bb2416324
    186106321/content/1/4: 70182c7fd143bf549540350edfb5de12
    186106321/content/2: c8062c577528fd5721adc65e9dfeb41f
    186106321/content/3: 129dc74ce176eabfbb61cede03eac472
    186106321/content/4: 4ad0563aae96896044465718601f3f3d
    186106321/content/6: abede96e379663618b541d87664ecf4c
    186106321/content/7: 972dce4f05d3729c3e3ea507650331d3
    186106337/title: 966e81f75a490ee3cd9d936658907c17
    186106337/subtitle: f093e8069779da7cd73726c8030c21f1
    186106337/content/: 966e81f75a490ee3cd9d936658907c17
    186106337/content/1: fcb785ea2aec1c5ca18e893ac08b3a81
    186106337/content/1/1: b0e4f671879046171e54fb7f5415cbd2
    186106337/content/1/2: 6564cb80b296b688dbe6c66df8aa2ac0
    186106337/content/2: ec9906a5afa495cedf2613b9d684e897
    186106337/content/3: 5140a1c4ef23e1be077cde11f3423d9e
    186106337/content/3/1: 3cf7be37473780d67dfa46b7d46e5c74
    186106337/content/3/2: f693f4ffe36b87860c26a32a593df294
    186106337/content/5: cc0087db05fc3347125c96ba005d9241
    186106337/content/6: 01d9819514e27056dcc69463194b63d2
    186106337/content/6/1: 7474b9a4c42ccc134a6cc3b59a7ffd8c
    186106337/content/6/2: 0b4b6b71afcaf8f2513e3e5c29f847d0
    186106337/content/6/3: 62c9aa79b2e30e6d07bec5ae6ace454a
    186106337/content/7: da6d5023432ce5378430272372fa057c
    186106337/content/8: 4961e4d842373ade0943335e14889d8a
    186106337/content/8/1: ebf129703eace05dc9704a34cc39dfc8
    186106337/content/8/1/1: d0b2adcbcb80d45069b49bdf1368ce01
    186106337/content/8/2: c889f14a7a6715b9d20555301bedf5ae
    186106337/content/8/2/1: 29562dd1cfedce40935c09dea81e5e27
    186106337/content/9: d1d3cad5c917790562f4407bec502bd8
    186106337/content/10: d5078a50e3a28a7a9e0fcae83f002850
    186106337/content/11: b39d3cf5d2fbe11b40bbc6356247e5a8
    186106337/content/12: 491fbb938cfe44df0438ad3e198d23e6
    186106337/content/13: e8bf6d6e6e8ff327d6f2eafbaf93182b
    186106337/content/14: 259859d904c554d766012daf21f404b9
    186106337/content/15: 54067431e6b1d1abbda0a73ea712a932
    186106337/content/16: d9aa4c3d78b02df7fc6b3c90015b1444
    186106337/content/17: be49b397ca134d224ec9d45bdce22bbd
    186106337/content/18: 237b7f00f72c3361a742fcea7f8cc125
    186106337/content/19: 20c84c7c60ff359dc11577128f811a97
    186106337/content/20: 854b997a8290922d5701790733d77a2d
    186106337/content/21: e5d4f59f9bca74d569b2dc445f5c8e5e
    186106337/content/22: 96ca4cd6c655436ad155a32108379f02
    186106337/content/23: 2cb04e956b640b73fd0aca140b2720d7
    186106337/content/24: aa3cf12bec025533744a39ae790663fc
    186106337/content/25: bdb81113ec2043a05ac2432cb5fac6a9
    186106337/content/26: 55cea0029625ae8c0a0e7c8971633720
    186106337/content/27: 3d02e1e0ff18b9391303d4464acf7b71
    186106337/content/28: 090bc691ad4f994af984060fc738a867
    186106337/content/29: f367a3b14c1c3563a43aa59c78a5dd64
    186106337/content/30: 83c7c380d19cc501e67817fe0979e3f3
    186106337/content/31: bdbae28e0005c882500b94c32a028a8f
    186106337/content/32: ec9906a5afa495cedf2613b9d684e897
    186106337/content/33: 8bcc27d76828e3b11a54d76eb01d0e40
    186106337/content/34: 9cb0ef53185b44fe0fa8b64763a9bdb4
    186106337/content/35: ffae5447e748d18a499966e3ac97f4d7
    186106337/content/36: f66b113bb27ac27f913531bf26de1a56
    186106337/content/37: c5bd9d26e9de652a4c6964661ee521d7
    186106337/content/38: 03969f51fd5cb541a3535c547e510900
    186106337/content/39: 378143af2d76f0ac489dfa2e086bf2b5
    186106337/content/40: e86fda25b4a56d2754e1d55c57b48093
    186106337/content/41: 7fcca6b66d75dc37437d1253bd629069
    186106337/content/42: 89ea7ba3a26207cbe222c4f95051f4d9
    186106337/content/43: 9f8c32a344af15d3d12c2d300726e990
    186106337/content/44: 609660fcdde6c71f190c526c993a881c
    186106337/content/45: eeaea47ba3b9765f39b4da8a63d5f4da
    186106337/content/46: bb2f9f0f1725cc505e8666c0564a220b
    186106337/content/47: b0d9a5210f2844cd68b534cc5a3ae672
    186106337/content/48: aa173ebaf6ea1702af6806fc7f503dca
    186106337/content/49: bdade761987e956f6b1f985fe4d25f46
    186106337/content/50: cc3a91c3f16a9638797500d4eb95da5b
    186106425/title: a19de976c38a0027533ff2e12326b10f
    186106425/subtitle: 369a72e30868b20d31ea93ef214edc8c
    186106425/content/: a19de976c38a0027533ff2e12326b10f
    186106425/content/1: 592a8e0a0a6bf0548ef134ba4b3e083c
    186106425/content/1/1: a19de976c38a0027533ff2e12326b10f
    186106425/content/1/2: bce24fa9a3c9fc21a0b3fbdfdc951c1f
    186106425/content/1/3: 18152168f88c9098c9b7f11cf301c353
    186106425/content/1/4: 7d12354b60f781d3fc86eb7e6139efa7
    186106425/content/2: 3980375023974ca96efc9f3608b92e8f
    186106425/content/3: 11bae8391e5719ed5e78746838b1de99
    186106425/content/3/1: 32950d9df65c6701fb2b7326179de731
    186106425/content/3/2: 6824f203898132d31ec17e1c5980a9f1
    186106425/content/3/3: 9ea3adb0ab375468da5eda9e897faa9b
    186106425/content/3/4: 93f24994cd75670f88c449df1859c444
    186106425/content/3/5: 842381f7967395668a854eaf5f4ea467
    186106425/content/3/6: 20af63cdfa7754c83deaae516cdf73cd
    186139458/title: 33a1b828b23e43313f10c36daf3db973
    186139458/subtitle: e6bd68bd65a9871d6f3d956877bc816b
    186139458/content/: 3083c3a62c4ee3c5867346ab47ffbbb8
    186139458/content/1: 02c591dd859cb7cf39442827ddcd21cd
    186139458/content/1/1: fab69c70adcd226a005a78947c3c4999
    186139458/content/1/2: d34137e22abc345e9ba2528e1a681e53
    186139458/content/2: 311f787bb51a5d81c19f16a3304ebaae
    186139458/content/4: fb5abc501b86138db20142ab371a327c
    186139458/content/4/1: 6b71a6f2b4ec3aa3fa555e53ef1fd6e3
    186139458/content/4/1/1: d23bd00493321806fcec341cdb4183bb
    186139458/content/4/2: 44ddb72e9e0a2ded9e47d219fa84bf35
    186139458/content/4/2/1: e809ba5031caa60c010684406824417f
    186139458/content/4/3: f25c1b0cd3076d28ef36f0edb4005ef5
    186139458/content/4/3/1: 11dadfa3b2296c8d1d89766e015c5633
    186139458/content/4/4: 3e51067c599741919fd3c79b6c9371f9
    186139458/content/4/4/1: 6966c010a9ef9d3f417c2a0b28562ff7
    186139458/content/5: 669b337031ef165af577f04f2b7fd54f
    186139458/content/6: 603066a81f3240643d961ddd4fbd4a1a
    186139458/content/6/1: 0b332e9b4959d3203db976fc1bd42196
    186139458/content/6/1/1: 440b4f2a4ee30f993ab479415aaf9fbb
    186139458/content/6/2: ea2614c70f7ac71516767b90787938d0
    186139458/content/6/2/1: 40d967c9f06620cac511e6efd134d921
    186139458/content/6/3: 27f30f361d550d0d6954ed423e9f1fb8
    186139458/content/6/3/1: c1b8fedae779159ad2efa66c05a57614
    186139458/content/6/4: 7ff1fa5180d39572a5888a4510dab20f
    186139458/content/6/4/1: 4a13332a71ae77d5e51637b87128e4c8
    186139458/content/6/5: d4ba765ae655bab72cc95f852a5ebc5a
    186139458/content/6/5/1: f7280bc2537f64a90d9d67879950dd5b
    186139458/content/6/6: 5b653502170ba294844c660796c0b8ea
    186139458/content/6/6/1: 268bb943795fdb3cf718761bd065b847
    186139458/content/7: 6d931b887208292b16faf28bf97ba909
    186139458/content/7/1: 1b5210c480e426dfe2fdd582644ea419
    186139458/content/8: 8a28671914ca6a69a82abd4d7772f4fa
    186139458/content/8/1: 42c85f6659ac8aa58346c3b95e69c541
    186139458/content/8/2: 47c3d582eb618d6e7bbdf65a665464f7
    186199558/title: 7f32b7539a975c98eee3e82af99663d9
    186199558/subtitle: da69173e2414f3da32e4a0a003c56d7a
    186199558/content/: 7f32b7539a975c98eee3e82af99663d9
    186199558/content/1: 9fd4b725877e4f7ef0e32fbac72bd1b5
    186199558/content/1/1: 355420b81dd88447305a9eb3d4901dd8
    186199558/content/2: 809c805c08b1042700553c5773196daf
    186199558/content/2/1: 27ef801b1b43b8a8da20339bc6118d06
    186199558/content/2/2: 845b14c10c30def7f0bca02bfe727ba9
    186199558/content/4: ea07d00aae291ff39a5a1784b8b4bc31
    186199558/content/5: 17f55acbb150d80bd2b36dde3bf67aad
    186199558/content/6: bdea9a2106a3d0cedcced851872a1abc
    186199558/content/6/1: ab678cc00084c785aae58e9c9638ff60
    186199558/content/6/1/1: a3ffbfd8e8895edacc2b25b9b0dd6823
    186199558/content/6/2: 5c3b4b0adf42b50c3c252b992e5608a7
    186199558/content/6/2/1: c10682f77b49364dfd65c2544b312556
    186199558/content/6/3: 31475fa3500a50b70edc7ea0ea060d39
    186199558/content/6/3/1: 1a95ea192d1f9032800d4595e8c50547
    186199558/content/7: 7694cb5caece81af566353d057459d23
    186199558/content/8: 821fff04e49b20b8118f9ec4d2c5edc0
    186199558/content/8/1: b7b240125a97bede459da626b8991af6
    186199558/content/8/1/1: 3e32dee5239ddfe4641998cf2de2cf47
    186199558/content/8/2: 7812fbdd0e2f9790bc934bb30ed52666
    186199558/content/8/2/1: 1eadd892d3b23668f1c836d02ded9993
    186199558/content/8/3: ec09d874901ec43bece8d2aee5c83fa1
    186199558/content/8/3/1: 9772eca3ff4b6909ea086000a6f6f109
    186199558/content/8/4: 55c723cbd4f70a9e77660fd2b70d8e61
    186199558/content/8/4/1: e323e0feae517ba8ac9bca929c62c81e
    186199558/content/8/5: 4774f616b8bb4fb909decc524422b385
    186199558/content/8/5/1: 745fb4db1ded007d4bd4f38b8224abe6
    186199558/content/9: 237a80afb8e88d6842314934b4d94760
    186199558/content/10: c820cea51d6e278df8a5fbff63e823d9
    186199558/content/10/1: 6dfddb617e02115fc354e80da7a09761
    186199558/content/10/1/1: af29ecbba0efe0073349fd1a094fd92f
    186199558/content/10/2: 1fd38e5b92ffc2fe80dfe4571c1437bb
    186199558/content/10/2/1: e3cf73f5d3a9ed90d5601e9063640cc8
    186199558/content/10/3: 427acf6de17c433017a9e96b668cfcf8
    186199558/content/10/3/1: 48de21ad42e486823904194ae2eed4fd
    186199558/content/10/4: 7ea5a866542c3c02a6d03fc444b9396a
    186199558/content/10/4/1: 20164ba2650b3fbcabee3ea40e7fb54a
    186199558/content/10/5: cf1f11ecd3bc8b8c32ae5faf2dbea86c
    186199558/content/10/5/1: 26b5c081f6fa041f04891467140e32a5
    186199558/content/10/6: 262bd63b39cd8cb9396fb913dbd3af45
    186199558/content/10/6/1: e78da2f96f5c4b6e5a132f22dc5b9bcd
    186199558/content/11: 17943c03426aca725f3579d4c57c7e4e
    186199558/content/12: 8fefdcf69debd38b25aa30e9d3c23dd6
    186199558/content/13: 4232583138459f3ceaebbeeb650b9cf5
    186199558/content/13/1: 3d63128ee804168fc98da9b5f26b907f
    186199558/content/13/1/1: 9b415f149013962dd3b69e0a00adf213
    186199558/content/13/2: 0ab58917f1345c3f7431308b5c1144a5
    186199558/content/13/2/1: 81c751fb409b4655e81d55aa5595df4c
    186199558/content/13/3: 2a2753223975630850e51334378441a6
    186199558/content/13/3/1: 280f31dc962c2ff3895c6ef021727e9c
    186199558/content/13/4: fd4f785f794f9881875250c3fd01fb73
    186199558/content/13/4/1: 656dd43105a557c5d8493c0a6b3775c2
    186199558/content/13/5: fa98dda1b7bb38a99b210d3894559ba4
    186199558/content/13/5/1: b895dbf6083d4c67fb2b1c236aba241a
    186199558/content/13/6: 5342456b79fa1fe36394426de83eaa9d
    186199558/content/13/6/1: d49b7c20fad38bcda2069a901da97086
    186199558/content/13/7: cc0f8ee1ee1ce930f47a504177824425
    186199558/content/13/7/1: 1a05d600da1b97f2ce7459ebe05fbf8d
    186199558/content/14: c1a026f721976ee4695fcbba4e184493
    186199558/content/15: 993972801cd1ee6c5570b1d4b5d13de9
    186199558/content/16: a1714df75adb02e9adf0933e275b5785
    186199558/content/16/1: b4ccfc10a798ece80245ff3b0c129666
    186199558/content/16/1/1: 312835f1b5fd1ad0d7f41afc395a6f39
    186199558/content/16/2: 74f1b166b2cd382a33e38693793338f5
    186199558/content/16/2/1: 621878ef96c6c79ee6cdfca9c693d4ec
    186199558/content/16/3: 23b72091306e4f1653e1211a69e1615b
    186199558/content/16/3/1: 3f6997dfbb8ef08af9ff4ab29361200d
    186199558/content/16/4: 8bc98d7548ccef722f1f90169bd9da57
    186199558/content/16/4/1: 6ca0e2ed88e714854ff7d582fa832ed7
    186199558/content/17: ad8d8ff5b4f09777f78653b807efdd05
    186199638/title: 359209ed3f8389f49f97bff2924ae310
    186199638/subtitle: d0bb26e2b2c1342f42c0e1efb957aceb
    186199638/content/: 359209ed3f8389f49f97bff2924ae310
    186199638/content/1: ff641b4918b36955c8ec436417faaead
    186199638/content/1/1: 9e0bb0875bcefc581ec4c0225711bc34
    186199638/content/1/2: dff3b7ef04f01913a2c4a02f8c783ee2
    186199638/content/1/3: 484f6b46b042c588475506852a25b76f
    186199638/content/1/4: fce816d65952a0e613b4f32bc0211b17
    186199638/content/1/5: 9e6f5387d91184f02dc057d4e1d1c581
    186199638/content/1/6: 795755b78d9fad651ef8090fedf8dfb4
    186199638/content/2: c675c49c390c9ea29501942282df4dfa
    186199638/content/3: cf1762ccf0bf277b43380d29646ad80c
    186199638/content/4: 006a86c390a4681632b6ed48fd875486
    186199638/content/4/1: c662c57f1f76d52e002b0893c58bd43d
    186199638/content/4/1/1: f8b328492493f635473b8f5033cbf422
    186199638/content/4/2: 9ecfeed84d7c8e3e1332bcd29fd4249c
    186199638/content/4/2/1: ff2e5e1a6a9ce97c380f2d4b5d4d3f6c
    186199638/content/5: 9d53d1d120e8b8954bcae9a322573748
    186199638/content/6: 69314e5b7d26afb9bb3833fd2ebd87ca
    186199638/content/6/1: f25c1b0cd3076d28ef36f0edb4005ef5
    186199638/content/6/1/1: 980d27e05eef166e1c72ba97678b6a2b
    186199638/content/6/2: 385af22085e305e751c9ab11e3fed09c
    186199638/content/6/2/1: cfbed12b7215cbcd4e3b81f739346747
    186199638/content/7: 1eb7675a024af892f219a85c8945d11a
    186199638/content/8: 25bf4b5d82d5178c1bc71754972ab5a8
    186199638/content/9: ae7a4d298b4240dda39751f8bef30f99
    186199638/content/10: 54ac5a1a4b0e13e776e9dca6ac9b709e
    186199638/content/11: 9fcd2dd8b7da576946a6d74034f19932
    186199638/content/12: 2dda72144789e7b1fd3b98d79e98b4ab
    186199638/content/13: 573c7165deb5d83575f80e68fecb9915
    186199638/content/14: 37c47ee50d523fe07dee0857c75b2bf7
    186199638/content/15: 54ac2e8b8077b41be0e4989bfd65b36f
    186199638/content/16: 58bcd1be2e9275fc49da0cc7f0e1f116
    186199638/content/17: 7f6a36cce54069025b5981548c10fa9e
    186199638/content/18: 3f83215144cf2eec21e65fffbce11b84
    186199638/content/19: 538fe7436e31824e97f3f24567ac6bf3
    186199638/content/20: b879987c3bf31e26eb432563d16bad26
    186199638/content/21: 917ce1afd468c485a7b9bd01d1d6412b
    186199638/content/22: 7f8b138f72d9cb756143692bfb95303d
    186199638/content/23: a600f7e926d52f85d2054ed436162e71
    186199638/content/24: cd58635d2ea6575fe70e6116f7009544
    186199638/content/25: f183fa787f78a33479ffb913b0e2b2ae
    186199638/content/26: 7363db4b6ad244fa2c13b98a51460cf2
    186199638/content/27: c1b7e26dc080cb53c8c0939a746c569f
    186199638/content/28: d69b7c3e96a77abd43593399f0ed13c8
    186199638/content/28/1: 42eaadc9206a7d4c63a1a5107c41c250
    186199638/content/28/1/1: cc23beea49651d7360a39810e1a12bf9
    186199638/content/28/2: 3d00e49f1e92b4f305d8d98038b265ee
    186199638/content/28/2/1: dd4f17611a2e78ca1026ec8f04c8a2dd
    186199638/content/28/3: 2603e61d1df7346a98acd5f527bcf9d0
    186199638/content/28/3/1: d7daf0cb7a88561b30b1512156a55814
    186199638/content/29: 45ea880353ec31760e0a8d25f7be8bc4
    186199638/content/30: 3d912dcd0f0384a1e78cb0b142a076c4
    186199638/content/31: 7f16065a0c28003059b280cbee6539c3
    186199638/content/31/1: de12a9120de46eef3891bc6a052e31fa
    186199638/content/31/1/1: 411e0d59dc86d8e8e2059bf48f849c07
    186199638/content/31/2: dc222d435cf60261aedf629eb14934d3
    186199638/content/31/2/1: cd9d4561b878f46ae89451eac982224d
    186199638/content/31/3: ef83379c5a441a2f3bf55743b5c471f7
    186199638/content/31/3/1: 05938c5cecd7c82f2636dcd495d221ac
    186199638/content/32: 7eadf123eef0969658d47ff8b968f88a
    186199638/content/33: 62c5bf39bd16581f37e0ef133ac5ced1
    186199638/content/33/1: efb3b20d6ff91877531499486643d993
    186199638/content/33/2: e78f88bdf7c44503084bf75ce3dfe3b5
    186199643/title: 86ff7354a6407dca3ab4f4384352f932
    186199643/subtitle: 43e96d191754aa99b83bf15efdec8b10
    186199643/content/: 86ff7354a6407dca3ab4f4384352f932
    186199643/content/1: f07aaf16a8bf9cfa88be4e34f27b4624
    186199643/content/1/1: 86aa2284c866c372721e5c331dc8c290
    186199643/content/1/2: 383b415aca41be0603c25609ec0cff8f
    186199643/content/2: 2d9d7b646e4afdfbae2e75a7d95767c6
    186199643/content/3: 4525c90ecc3a9220ff1d105619ad6b36
    186199643/content/4: 1b10ce3b0e9b18debbd57c088f325ac2
    186199643/content/4/1: 8fbb6385fb5e1c543c508a5504c728cc
    186199643/content/4/2: 29db20a5936409c5bde7be35346a9111
    186199643/content/4/3: 1e35419d3e12ec9ffb08d838cd50990b
    186199643/content/4/4: d5189505604fc4cd33fb58f24e2adc46
    186199643/content/5: 3424673077cc4f0ed789c64cc5e04533
    186199643/content/6: 81f534b4ac13dba278dc66a50589a8b6
    186199643/content/7: 176ba1e84333cfc7217e9474852ccb8a
    186199643/content/8: da32ee16b1fecdc2029d57a30c528db8
    186199643/content/8/1: 528c6af5df0ba4f81ea88f432b612a10
    186199643/content/8/2: 5032bace63814dcf2b8cfe6103f5b166
    186199643/content/9: 603e794bda7bdbb310a26c947a30224d
    186199643/content/10: 05006201c920c4f6496b8b5f5cae7f71
    186199643/content/11: 1a1eebb62bc88b4561baa4299280f360
    186199643/content/12: 98f67409d1a8bc5612cae987239f47ef
    186199643/content/13: ba9ac5bba02d7812ffa2963cac12fc1c
    186199643/content/14: 18297f59ff8880d6a1796faf4ad00fba
    186199643/content/15: 68f441823a7b1fa53294aa85a6e5a8ac
    186199643/content/16: 8b1f424493a0807eaa87490a1a4e4a79
    186199643/content/17: d2148bd702c31c010ad309258eb3553b
    186199643/content/18: f36afa658f25031f376b2515e3b0a627
    186199643/content/19: edb15457acadee336574543c0260fdb9
    186199643/content/20: 8cc6aadfa86b99d65b1d8c218cdf47c3
    186199643/content/21: 0d147e4c8ff734ff4c62493a73b2410c
    186199643/content/22: e2e22da3c32f1157070cc47977bc960a
    186199643/content/23: 002cb6b5a1418a5dff88a6cf7de55d56
    186199643/content/24: ddbedf57c2557e07e19e48dc78c3fa2d
    186199643/content/25: 32309df9e971e9f38bdc68ea3287a1ae
    186199643/content/26: 6f840b37138fd22007ed7e331fca41fc
    186199643/content/27: 34b9159fe65dee4c1a074713c5de1a64
    186199643/content/28: 3fc21ec75ecb2bd1d2f6b82b9075a531
    186199643/content/29: 4abbdd334738456ca4b6b3f6a8efe49b
    186199643/content/30: b45c423d50a32b4a18e18ced92ecae65
    186199643/content/31: 008f594d78f51f2ec530a500e962c3e0
    186199643/content/32: 883b280327eb7f7e0f91c0850e387c08
    186199643/content/33: 8bb15db27528793e681af6c0ba02ee05
    186199643/content/33/1: ea4d7c1a43273ccb610b037d2581394a
    186199643/content/33/1/1: bc5c97fb33c00e21dea97d7f6449e3c0
    186199643/content/33/2: f93ca4f2c87a66056e4d7026e6eb3b0b
    186199643/content/33/2/1: afde288046feafaebac8aa9aaf8a74b2
    186199643/content/33/3: 8a38a12f85c4f8b90e23b9b75329a937
    186199643/content/33/3/1: 85f2aa52339a9449a30709250b44ab22
    186199643/content/34: 3720e4ba34c723bc07bf633c17f721ad
    186199643/content/35: 6700daca0193406e1d9c9083e26ac2db
    186199643/content/36: 051f07101ad1127fd6080ed7eddefdb0
    186199643/content/36/1: c98ef257c63c69849014e7a709dc2426
    186199643/content/36/1/1: 4591e6c8d49e8d3f1420d06fe7d302b8
    186199643/content/37: bdade761987e956f6b1f985fe4d25f46
    186199643/content/38: 73f2e0a9e9ab8a8e6c90d7f77d90baab
    186199643/content/38/1: d6c7a7da43b33a4e4c2d19b7a34aa112
    186199663/title: 2dddcd027a00bc47c594ceae1dce7f92
    186199663/subtitle: aa3a395736e3e416c2272d39a045a9ac
    186199663/content/: 2dddcd027a00bc47c594ceae1dce7f92
    186199663/content/1: d1127b8e236ee82a6af55d34aed778fc
    186199663/content/2: 543bfec3af6ec92634b8c93fbb9ac668
    186199663/content/2/1: 0e9480881a9495b9a40651f168796d02
    186199663/content/2/2: f05f450fffcb17520c441ab9789f40ce
    186199663/content/3: 874a83341f8e7bffe032c6e8efc7057f
    186199663/content/5: d699edde259480a01aac537c3c4b70e8
    186199663/content/6: d5914032e32ee9c565a5fd3e36b8f782
    186199663/content/6/1: 9e9383ff364e54bd66086aaae3c28a1c
    186199663/content/6/2: 39d53fdecce9b27522d2d8c6745bc5cb
    186199663/content/6/3: 29db20a5936409c5bde7be35346a9111
    186199663/content/6/4: 9bc2fbd8f0c3282420a328fb4b5bcf10
    186199663/content/6/5: 05dc0a811ee5b04941c826293471367d
    186199663/content/6/6: a5f983c9b10a20951b7133d9053dd6d9
    186199663/content/6/7: 07fe17f0668afd625e15af90ae6067d2
    186199674/title: 66b86058cc13998f4525bab8f7cfeb3e
    186199674/subtitle: d799b0d0c9153cae2bef355864ca7a5d
    186199674/content/: 66b86058cc13998f4525bab8f7cfeb3e
    186199674/content/1: 2adbcc9c16ccfd3ae663493488a460fb
    186199674/content/2: 96b1908457626bed5543319e77d30411
    186199674/content/3: 808ceb4efabc52a9364d5abee8881281
    186199674/content/3/1: 4baad2432555b0de4d07413062a18565
    186199674/content/3/2: bf5f155e162149eb34044ed56617b5d2
    186199674/content/5: 3682fe1f0f88d083b927a0e117228f1f
    186199674/content/6: 808ceb4efabc52a9364d5abee8881281
    186199674/content/6/1: f02a5f8799cba956821f65e09b119c57
    186199674/content/6/2: 86ad32f21f019606f3ab568b8468fce3
    186199692/title: 593d07d9c9ec9d0ca33a01360073b2c7
    186199692/subtitle: 3e7cbb9eaa5470fb04d83ac1df883589
    186199692/content/: d6938031c0fbb824161658e456a22ce3
    186199692/content/1: d6b52ec770a2b49d653ca26bec6b85b5
    186199692/content/1/1: 27d429775ac2a3e7a3e93f613491958c
    186199692/content/1/2: 30a9504f6c526c5ee92000cf94be31cc
    186199692/content/4: f3df6903f44212269c23625acbcbb589
    186199692/content/5: d6c86d3d22ccfa61c8b85efec6a1da32
    186199692/content/5/1: af3e75180d86933ab72c4d33551864d3
    186199692/content/5/2: 28e8b27fb60b305a9caac04d8a92a038
    186199692/content/5/3: 87a4f4891f8a65e5823e0f7637570494
    186199692/content/5/4: 7ca449d839966d1db624668cda30c52c
    186199692/content/7: 9d33276a285c115195e1c1516d57ff42
    186199692/content/8: ce2ccd6bcb3d86c88d0ae25fe00b92e9
    186199692/content/8/1: 7bea3208debdcea3e77a14f8987a985b
    186199692/content/8/2: 28e8b27fb60b305a9caac04d8a92a038
    186199692/content/8/3: eb3a31ead51b5c8a8d365d5f904e9206
    186199692/content/8/4: f443b9c902ae5df12c3f3e406d868450
    186199692/content/10: 192dfd7c3e6c5c411b7961cfa9b60135
    186199692/content/11: a67948b6322258bf98d99e8634e253a0
    186199692/content/11/1: e1102b08c5e049e8240477c1e07e2611
    186199692/content/11/2: 28e8b27fb60b305a9caac04d8a92a038
    186199692/content/11/3: fb08f7e8ad4f61a63c9a20eeeb7500d5
    186199692/content/11/4: 185ba5637da3b95940a88b766e8275c5
    186199692/content/13: 08e31497f753b2a86399018607acf722
    186199692/content/14: d00da7c8c81c9a8ced0e2f04bf894d45
    186199692/content/15: aa956972e21136c8a8df8e31e177388a
    186199692/content/16: f9a38727cb83e19df6df2ab2a8352293
    186199692/content/18: fdc7b9e8591c6aa570ea662fd3fdea25
    186199692/content/19: 5cafa636356a6b61cc52172786fe1bd8
    186199692/content/21: 92a7a87c470832109b54b1b4b2ef9134
    186199692/content/22: 29272b70d0cd5a7babb11574ef44163c
    186199692/content/24: bdade761987e956f6b1f985fe4d25f46
    186199692/content/25: 3327937b1cca3cf169a8f2cf2366ca5d
    186199692/content/25/1: b98c659f2e6d917f4b1a742716538ad8
    186199692/content/25/2: 44c5c173205c9da4f788fca7209afd2f
    186199692/content/25/3: 36e4f21bf2ebca153bea0479669ef733
    186199692/content/25/4: 51d0412e293bbb242af00d64b0d01ad6
    186199692/content/26: 25390cfb306c9ad3199c62c23c2cd280
    186199700/title: 252cfea667ddfc862e87c52af418a2fa
    186199700/subtitle: c9dbc5134349462c99be00d2fb6834b5
    186199700/content/: 3db7c6c1bdd1793984205e5b4621ae5b
    186199700/content/1: cd2e03187e44ae7194afa8da78698c1e
    186199700/content/1/1: 484f6b46b042c588475506852a25b76f
    186199700/content/1/2: 2bf7a7861010d7801427ce9ba64ffe67
    186199700/content/2: 632df144514016c27606560e510dacba
    186199700/content/3: 5f5ee32333ab2917a37bb05d4181c0df
    186199700/content/5: f4ed4463f7f95b44f87478e8017a94cb
    186199700/content/6: a59d8198f1bfc109ea1cd6a09c2da589
    186199700/content/6/1: ecd26de3dc6d1ecbb8582c7e34a06d9f
    186199700/content/6/2: 0816231450f6e0d689845a2e0a625e97
    186199700/content/8: 76b1459a4b98c9f1fb61be0b6bda3d3b
    186199700/content/9: 5bed118870d232b601a9e50efcbe7eda
    186199700/content/9/1: a34a7f39350241b17b5d243187b4c96d
    186199700/content/9/2: eff884924985fcdba7ba301c7dee44fd
    186199700/content/12: bdade761987e956f6b1f985fe4d25f46
    186199700/content/13: 9ba54464494304fe9e867b616d9b2c7b
    186199700/content/13/1: ecd26de3dc6d1ecbb8582c7e34a06d9f
    186199700/content/13/2: bf70717af31aa80fbb5f3e7ebbd5e9e4
    186199700/content/13/3: a34a7f39350241b17b5d243187b4c96d
    186199700/content/13/4: ab4f94bd2eb9260f3e2ba83fcd010e38
    186199708/title: 3dd4822bd712b965dcc2a9112264e480
    186199708/subtitle: ce502bbb76599f0dd88489317a10b13d
    186199708/content/: 3dd4822bd712b965dcc2a9112264e480
    186199708/content/1: 7f10c379b15bc1e9e8c6f12752b05ce8
    186199708/content/1/1: 253c6c160c8491271b5e197408c43452
    186199708/content/1/2: f05f450fffcb17520c441ab9789f40ce
    186199708/content/2: f016e71240b96c57e9e92273c06e4354
    186199708/content/3: 70aaaea59e0186b1d4e2b175b26e4489
    186199708/content/3/1: 7c93fbe389728538efc2889f96b359ed
    186199708/content/3/1/1: 8c34448a44b4ff517729578a9914f6c5
    186199708/content/6: 7bafa485fe87e46ff3bd2aecd493573b
    186199708/content/6/1: 42588d2df4a7ba27910b7f00b816b708
    186199708/content/6/2: 60f0aa33e70ca6df3b6659802b16f433
    186199708/content/6/3: 571636e8ff96680c5eaaa3403bf2a9c2
    186199708/content/8: 161e01f2cc513998f8ebed26f6310837
    186199708/content/9: ffcbc291f7a616312fcca35514e343aa
    186199708/content/11: 6a7d91a295e726aadc76669aedc4fb79
    186199708/content/12: 8001cabd1740845c7f66a5d4c5a97019
    186199708/content/12/1: e991f3bc8d3b349ebfe83e1ee44f015a
    186199708/content/12/2: 05dc0a811ee5b04941c826293471367d
    186199708/content/12/3: bab779e32d2519152481e180aea26879
    186199708/content/12/4: 0a48e6202e3cbca565d16a150f4504e6
    186199708/content/14: bdade761987e956f6b1f985fe4d25f46
    186199708/content/15: 982f1ec020a7f18d4addbbb00663f07e
    186199711/title: b5ebbdd5a9bdca75ce28834677f5b10f
    186199711/subtitle: 16a2f4580ff6c8d524745b48a3c9a488
    186199711/content/: b5ebbdd5a9bdca75ce28834677f5b10f
    186199711/content/1: 0ab95a5d1972f6a8dbdc8bdbdc6ffe18
    186199711/content/1/1: ace718089c568850669dfd3088c6198a
    186199711/content/1/2: 394448bbe9c58e813ecc0c2e27ba5eb7
    186199711/content/2: 778e588d514babbb042c6447adc6c236
    186199711/content/3: 26eb0fa627959c1cbf39a946e2382fec
    186199711/content/6: c76085daf2a60600281adc9501d8e379
    186199711/content/7: 5fd0a7501bf024a1c1c32fb2269b7d42
    186199711/content/7/1: af3e75180d86933ab72c4d33551864d3
    186199711/content/7/2: b721c3db83002b3326d2a5596dda77ba
    186199711/content/10: 314d16f059f8361bddf498f36417698b
    186199711/content/11: 3704f9f07a770f95f93a6f520f075b12
    186199711/content/13: bdade761987e956f6b1f985fe4d25f46
    186199711/content/14: 4997e9f31db1b6403a8262db53a9187f
    186199711/content/14/1: ef27cbb0d0da61932840cad2488c3a8a
    186199711/content/14/2: 961f3a609ba8c6773ff63e226032ef6e
    186199720/title: 12021cd38bcf7264bf180143017bab09
    186199720/subtitle: 9b9c27b5d2d00f34677ef9b0dcf8dd4d
    186199720/content/: 12021cd38bcf7264bf180143017bab09
    186199720/content/1: 029f2b61ce317fc92479a7f958d05172
    186199720/content/1/1: 295d76ac17ed6de62223cef546362827
    186199720/content/1/2: 2f6c56f7fc6ee7cb922577b1ee8695da
    186199720/content/2: 52403a09520d0dc2a11debe05cd5b6c6
    186199720/content/3: 7cf17fb876e2c1308861ed7ecc53b71a
    186199720/content/4: 76a9e9b823cc05271101d1b89fd5f089
    186199720/content/4/1: f1c3265adafb8c16222959b5746d4448
    186199720/content/4/2: 070d272b0867dce9ca9fd7f898cb7a9b
    186199720/content/4/1/1: 252d7bc9d86cade1e4b203b8071e0113
    186199720/content/4/1/2: ce282312c0c56462462883cf20da1450
    186199720/content/4/1/3: 05dc0a811ee5b04941c826293471367d
    186199720/content/4/1/4: cfd632297d7809a3539e90c9cd4728d9
    186199720/content/4/1/5: 2e67860d4d8f243b7ed21c4ade727dc2
    186199720/content/6: 45a675060517b146e5bbcbfe14462f4c
    186199720/content/6/1: 99ec8d970aba0e65642a475cf38ef0c6
    186199720/content/9: bdade761987e956f6b1f985fe4d25f46
    186199720/content/10: c0eda9b3410bd0d975ebe09929be778e
    186199723/title: a27bc7b99876b8d5c8c9e866cd7e9b0b
    186199723/subtitle: cf5fa0d3a340113a1af4425eebb9b1b2
    186199723/content/: a27bc7b99876b8d5c8c9e866cd7e9b0b
    186199723/content/1: 2dba9ee871d6986e1f63ed2b8ea0df50
    186199723/content/1/1: 587ad3aed4c050d83e3dbe7519ab03eb
    186199723/content/1/2: e94ccb821473a0591509d59505c0b8ed
    186199723/content/1/3: 30a026c5aa3a1e5f8b1a367ab0eac96b
    186199723/content/1/4: 115bfd8e5c3cfadff298016dcb702afe
    186199723/content/1/5: 491fbb938cfe44df0438ad3e198d23e6
    186199723/content/1/6: d6e98e175436e674d39366389abbade0
    186199723/content/2: 040b6ca5c068202354c7910951e2f5bc
    186199723/content/3: 623e92576e63f98d0285c0b115eb52da
    186199723/content/3/1: 4c6e4ad362825777786a3b0aa6568a26
    186199723/content/3/1/1: 422a40a0c5143b5a27045e2ba40afcc9
    186199723/content/3/1/2: cbf5c2e2510d433f4156606b3d83dd2b
    186199723/content/3/2: 5ed0adc2e9d0f0847139ec7c1a9a04fd
    186199723/content/3/2/1: 3eb1a4bd5747cbba9f3f94eafb753ce3
    186199723/content/5: a27bc7b99876b8d5c8c9e866cd7e9b0b
    186199723/content/5/1: e1a0dcb4116ca7621d0ba43c0744828b
    186199723/content/7: 6d9b9fc5e3f7be243353f7709e35d5f9
    186199723/content/7/1: d20e52d2a8e2b6da536dc57d964a0985
    186199723/content/9: bdade761987e956f6b1f985fe4d25f46
    186199723/content/10: 3c84492425853cd43f86a9978a9443a3
    186199723/content/10/1: 21afbdcfabfa2ef5be8640ad8685904d
    186199723/content/10/2: 03b44126f09a89b031657d47e7d8077e
    186199727/title: 8b94d7ca5b41e32525dd15600483de88
    186199727/subtitle: 9fec462905d5373c47a76b57a891b1d6
    186199727/content/: 8b94d7ca5b41e32525dd15600483de88
    186199727/content/1: 2f96e9d912118bd14561319b7017bee2
    186199727/content/1/1: 0a9e74fdc276b533800f63de2402e25e
    186199727/content/1/2: 8b3441cada3b91e19d53871a116cc6ab
    186199727/content/2: 352d0ec7fa6cad34809d7f5c1c37f33b
    186199727/content/3: b8c432ddc47e92f471a633b5852a6416
    186199727/content/3/1: f4b173f8b5a657b94a4dfd5cd096fdeb
    186199727/content/3/1/1: b970b76c7d51999af1c82f3c84ae351e
    186199727/content/3/2: 8dd43e7b8000a08f737caf63de4fdbd3
    186199727/content/3/2/1: 315c7fec92425070e4435e1a111181e7
    186199727/content/3/3: 0fd189528f7b890bee433a81fb8bf104
    186199727/content/3/3/1: 17eb2bfea404ca1670a8078aa62c78ef
    186199727/content/4: 8718870b40e8df74158eae974d7d10d8
    186199727/content/5: b40fb375e56b6d2c52e52c7ba4bc19d8
    186199727/content/6: 7d653b8cbc7f003403f8afe7cd0214de
    186199727/content/6/1: 1b6163a519a7af372806fc21bde36eee
    186199727/content/6/2: c35335874ebce93a45a2b7f01a91bdef
    186199727/content/7: 2f4282d7757f3c09704d9e8cb0e65827
    186199727/content/8: fbd403146395526d68ac68d142a50e21
    186199727/content/9: 9c1412466136f39c2217012b3407d50f
    186199727/content/9/1: 9c2ad9de0166bc16b73ee6c4e7c51882
    186199727/content/9/2: 1e0dbfbb5a54dbf71420c7fd699066ef
    186199727/content/10: 3d3a9d61d09dbf5a2b635e1026dae600
    186199727/content/10/1: 85f0ae50a036b82889027e0082c9fb80
    186199727/content/11: 6023651eb146328ba6250e24b6d58795
  e3620043a47a66f335db84dcb1ae3c97: {}
